// !$*UTF8*$!
{
	archiveVersion = 1;
	classes = {
	};
	objectVersion = 56;
	objects = {

/* Begin PBXBuildFile section */
		CD1631272AEA621500995EB9 /* ThirdViewCell.swift in Sources */ = {isa = PBXBuildFile; fileRef = CD1631252AEA621500995EB9 /* ThirdViewCell.swift */; };
		CD1631282AEA621500995EB9 /* ThirdViewCell.xib in Resources */ = {isa = PBXBuildFile; fileRef = CD1631262AEA621500995EB9 /* ThirdViewCell.xib */; };
		CDBDE65A2AE8E9C800B6B779 /* AppDelegate.swift in Sources */ = {isa = PBXBuildFile; fileRef = CDBDE6592AE8E9C800B6B779 /* AppDelegate.swift */; };
		CDBDE65C2AE8E9C800B6B779 /* SceneDelegate.swift in Sources */ = {isa = PBXBuildFile; fileRef = CDBDE65B2AE8E9C800B6B779 /* SceneDelegate.swift */; };
		CDBDE65E2AE8E9C800B6B779 /* ViewController.swift in Sources */ = {isa = PBXBuildFile; fileRef = CDBDE65D2AE8E9C800B6B779 /* ViewController.swift */; };
		CDBDE6612AE8E9C800B6B779 /* Main.storyboard in Resources */ = {isa = PBXBuildFile; fileRef = CDBDE65F2AE8E9C800B6B779 /* Main.storyboard */; };
		CDBDE6632AE8E9CA00B6B779 /* Assets.xcassets in Resources */ = {isa = PBXBuildFile; fileRef = CDBDE6622AE8E9CA00B6B779 /* Assets.xcassets */; };
		CDBDE6662AE8E9CA00B6B779 /* LaunchScreen.storyboard in Resources */ = {isa = PBXBuildFile; fileRef = CDBDE6642AE8E9CA00B6B779 /* LaunchScreen.storyboard */; };
		CDBDE66F2AE9FB9700B6B779 /* SecondViewController.swift in Sources */ = {isa = PBXBuildFile; fileRef = CDBDE66E2AE9FB9700B6B779 /* SecondViewController.swift */; };
		CDBDE6742AEA03DE00B6B779 /* SecondViewXIB.swift in Sources */ = {isa = PBXBuildFile; fileRef = CDBDE6722AEA03DE00B6B779 /* SecondViewXIB.swift */; };
		CDBDE6752AEA03DE00B6B779 /* SecondViewXIB.xib in Resources */ = {isa = PBXBuildFile; fileRef = CDBDE6732AEA03DE00B6B779 /* SecondViewXIB.xib */; };
		CDBDE6782AEA1ADD00B6B779 /* ThirdViewXIB.swift in Sources */ = {isa = PBXBuildFile; fileRef = CDBDE6762AEA1ADD00B6B779 /* ThirdViewXIB.swift */; };
		CDBDE6792AEA1ADD00B6B779 /* ThirdViewXIB.xib in Resources */ = {isa = PBXBuildFile; fileRef = CDBDE6772AEA1ADD00B6B779 /* ThirdViewXIB.xib */; };
		CDD15ED72AEB4C87006287CA /* ListThirdEntity.swift in Sources */ = {isa = PBXBuildFile; fileRef = CDD15ED62AEB4C87006287CA /* ListThirdEntity.swift */; };
		CDD15EDB2AEB50BE006287CA /* PokeViewCell.swift in Sources */ = {isa = PBXBuildFile; fileRef = CDD15ED92AEB50BE006287CA /* PokeViewCell.swift */; };
		CDD15EDC2AEB50BE006287CA /* PokeViewCell.xib in Resources */ = {isa = PBXBuildFile; fileRef = CDD15EDA2AEB50BE006287CA /* PokeViewCell.xib */; };
		CDD15EE12AEB735E006287CA /* Localizable.strings in Resources */ = {isa = PBXBuildFile; fileRef = CDD15EE32AEB735E006287CA /* Localizable.strings */; };
		CDD15EE82AEB9853006287CA /* CollectionViewCellCollectionViewController.swift in Sources */ = {isa = PBXBuildFile; fileRef = CDD15EE62AEB9853006287CA /* CollectionViewCellCollectionViewController.swift */; };
		CDD15EE92AEB9853006287CA /* CollectionViewCellCollectionViewController.xib in Resources */ = {isa = PBXBuildFile; fileRef = CDD15EE72AEB9853006287CA /* CollectionViewCellCollectionViewController.xib */; };
		CDD15EED2AEBA506006287CA /* ReusableFooter.swift in Sources */ = {isa = PBXBuildFile; fileRef = CDD15EEC2AEBA506006287CA /* ReusableFooter.swift */; };
		CDD15EEF2AEBA5D2006287CA /* ReusableFooter.xib in Resources */ = {isa = PBXBuildFile; fileRef = CDD15EEE2AEBA5D2006287CA /* ReusableFooter.xib */; };
		CDD15EF52AEBAD49006287CA /* CollectionViewController.swift in Sources */ = {isa = PBXBuildFile; fileRef = CDD15EF32AEBAD49006287CA /* CollectionViewController.swift */; };
		CDD15EF62AEBAD49006287CA /* CollectionViewController.xib in Resources */ = {isa = PBXBuildFile; fileRef = CDD15EF42AEBAD49006287CA /* CollectionViewController.xib */; };
		CDD15EFA2AEBAD69006287CA /* CollectionViewCell.swift in Sources */ = {isa = PBXBuildFile; fileRef = CDD15EF82AEBAD69006287CA /* CollectionViewCell.swift */; };
		CDD15EFB2AEBAD69006287CA /* CollectionViewCell.xib in Resources */ = {isa = PBXBuildFile; fileRef = CDD15EF92AEBAD69006287CA /* CollectionViewCell.xib */; };
/* End PBXBuildFile section */

/* Begin PBXFileReference section */
		CD1631252AEA621500995EB9 /* ThirdViewCell.swift */ = {isa = PBXFileReference; lastKnownFileType = sourcecode.swift; path = ThirdViewCell.swift; sourceTree = "<group>"; };
		CD1631262AEA621500995EB9 /* ThirdViewCell.xib */ = {isa = PBXFileReference; lastKnownFileType = file.xib; path = ThirdViewCell.xib; sourceTree = "<group>"; };
		CDBDE6562AE8E9C800B6B779 /* Test.app */ = {isa = PBXFileReference; explicitFileType = wrapper.application; includeInIndex = 0; path = Test.app; sourceTree = BUILT_PRODUCTS_DIR; };
		CDBDE6592AE8E9C800B6B779 /* AppDelegate.swift */ = {isa = PBXFileReference; lastKnownFileType = sourcecode.swift; path = AppDelegate.swift; sourceTree = "<group>"; };
		CDBDE65B2AE8E9C800B6B779 /* SceneDelegate.swift */ = {isa = PBXFileReference; lastKnownFileType = sourcecode.swift; path = SceneDelegate.swift; sourceTree = "<group>"; };
		CDBDE65D2AE8E9C800B6B779 /* ViewController.swift */ = {isa = PBXFileReference; lastKnownFileType = sourcecode.swift; path = ViewController.swift; sourceTree = "<group>"; };
		CDBDE6602AE8E9C800B6B779 /* Base */ = {isa = PBXFileReference; lastKnownFileType = file.storyboard; name = Base; path = Base.lproj/Main.storyboard; sourceTree = "<group>"; };
		CDBDE6622AE8E9CA00B6B779 /* Assets.xcassets */ = {isa = PBXFileReference; lastKnownFileType = folder.assetcatalog; path = Assets.xcassets; sourceTree = "<group>"; };
		CDBDE6652AE8E9CA00B6B779 /* Base */ = {isa = PBXFileReference; lastKnownFileType = file.storyboard; name = Base; path = Base.lproj/LaunchScreen.storyboard; sourceTree = "<group>"; };
		CDBDE6672AE8E9CA00B6B779 /* Info.plist */ = {isa = PBXFileReference; lastKnownFileType = text.plist.xml; path = Info.plist; sourceTree = "<group>"; };
		CDBDE66E2AE9FB9700B6B779 /* SecondViewController.swift */ = {isa = PBXFileReference; lastKnownFileType = sourcecode.swift; path = SecondViewController.swift; sourceTree = "<group>"; };
		CDBDE6722AEA03DE00B6B779 /* SecondViewXIB.swift */ = {isa = PBXFileReference; lastKnownFileType = sourcecode.swift; path = SecondViewXIB.swift; sourceTree = "<group>"; };
		CDBDE6732AEA03DE00B6B779 /* SecondViewXIB.xib */ = {isa = PBXFileReference; lastKnownFileType = file.xib; path = SecondViewXIB.xib; sourceTree = "<group>"; };
		CDBDE6762AEA1ADD00B6B779 /* ThirdViewXIB.swift */ = {isa = PBXFileReference; lastKnownFileType = sourcecode.swift; path = ThirdViewXIB.swift; sourceTree = "<group>"; };
		CDBDE6772AEA1ADD00B6B779 /* ThirdViewXIB.xib */ = {isa = PBXFileReference; lastKnownFileType = file.xib; path = ThirdViewXIB.xib; sourceTree = "<group>"; };
		CDD15ED62AEB4C87006287CA /* ListThirdEntity.swift */ = {isa = PBXFileReference; lastKnownFileType = sourcecode.swift; path = ListThirdEntity.swift; sourceTree = "<group>"; };
		CDD15ED92AEB50BE006287CA /* PokeViewCell.swift */ = {isa = PBXFileReference; lastKnownFileType = sourcecode.swift; path = PokeViewCell.swift; sourceTree = "<group>"; };
		CDD15EDA2AEB50BE006287CA /* PokeViewCell.xib */ = {isa = PBXFileReference; lastKnownFileType = file.xib; path = PokeViewCell.xib; sourceTree = "<group>"; };
		CDD15EE22AEB735E006287CA /* en */ = {isa = PBXFileReference; lastKnownFileType = text.plist.strings; name = en; path = en.lproj/Localizable.strings; sourceTree = "<group>"; };
		CDD15EE42AEB7394006287CA /* id */ = {isa = PBXFileReference; lastKnownFileType = text.plist.strings; name = id; path = id.lproj/Localizable.strings; sourceTree = "<group>"; };
		CDD15EE62AEB9853006287CA /* CollectionViewCellCollectionViewController.swift */ = {isa = PBXFileReference; lastKnownFileType = sourcecode.swift; path = CollectionViewCellCollectionViewController.swift; sourceTree = "<group>"; };
		CDD15EE72AEB9853006287CA /* CollectionViewCellCollectionViewController.xib */ = {isa = PBXFileReference; lastKnownFileType = file.xib; path = CollectionViewCellCollectionViewController.xib; sourceTree = "<group>"; };
		CDD15EEC2AEBA506006287CA /* ReusableFooter.swift */ = {isa = PBXFileReference; lastKnownFileType = sourcecode.swift; path = ReusableFooter.swift; sourceTree = "<group>"; };
		CDD15EEE2AEBA5D2006287CA /* ReusableFooter.xib */ = {isa = PBXFileReference; lastKnownFileType = file.xib; path = ReusableFooter.xib; sourceTree = "<group>"; };
		CDD15EF32AEBAD49006287CA /* CollectionViewController.swift */ = {isa = PBXFileReference; lastKnownFileType = sourcecode.swift; path = CollectionViewController.swift; sourceTree = "<group>"; };
		CDD15EF42AEBAD49006287CA /* CollectionViewController.xib */ = {isa = PBXFileReference; lastKnownFileType = file.xib; path = CollectionViewController.xib; sourceTree = "<group>"; };
		CDD15EF82AEBAD69006287CA /* CollectionViewCell.swift */ = {isa = PBXFileReference; lastKnownFileType = sourcecode.swift; path = CollectionViewCell.swift; sourceTree = "<group>"; };
		CDD15EF92AEBAD69006287CA /* CollectionViewCell.xib */ = {isa = PBXFileReference; lastKnownFileType = file.xib; path = CollectionViewCell.xib; sourceTree = "<group>"; };
/* End PBXFileReference section */

/* Begin PBXFrameworksBuildPhase section */
		CDBDE6532AE8E9C800B6B779 /* Frameworks */ = {
			isa = PBXFrameworksBuildPhase;
			buildActionMask = 2147483647;
			files = (
			);
			runOnlyForDeploymentPostprocessing = 0;
		};
/* End PBXFrameworksBuildPhase section */

/* Begin PBXGroup section */
		CD16311A2AEA525700995EB9 /* App */ = {
			isa = PBXGroup;
			children = (
				CDBDE6592AE8E9C800B6B779 /* AppDelegate.swift */,
				CDBDE65B2AE8E9C800B6B779 /* SceneDelegate.swift */,
			);
			path = App;
			sourceTree = "<group>";
		};
		CD16311B2AEA527800995EB9 /* Extension */ = {
			isa = PBXGroup;
			children = (
			);
			path = Extension;
			sourceTree = "<group>";
		};
		CD16311C2AEA528300995EB9 /* Common */ = {
			isa = PBXGroup;
			children = (
				CD16311E2AEA52AE00995EB9 /* Component */,
				CD16311B2AEA527800995EB9 /* Extension */,
				CD16311D2AEA529B00995EB9 /* Network */,
			);
			path = Common;
			sourceTree = "<group>";
		};
		CD16311D2AEA529B00995EB9 /* Network */ = {
			isa = PBXGroup;
			children = (
			);
			path = Network;
			sourceTree = "<group>";
		};
		CD16311E2AEA52AE00995EB9 /* Component */ = {
			isa = PBXGroup;
			children = (
			);
			path = Component;
			sourceTree = "<group>";
		};
		CD16311F2AEA52C700995EB9 /* Resource */ = {
			isa = PBXGroup;
			children = (
				CDBDE6622AE8E9CA00B6B779 /* Assets.xcassets */,
				CDBDE6642AE8E9CA00B6B779 /* LaunchScreen.storyboard */,
				CDD15EE32AEB735E006287CA /* Localizable.strings */,
			);
			path = Resource;
			sourceTree = "<group>";
		};
		CD1631202AEA52FA00995EB9 /* Module */ = {
			isa = PBXGroup;
			children = (
				CDD15EF02AEBAD14006287CA /* CollectionView */,
				CDD15EEA2AEBA493006287CA /* ReusableView */,
				CD1631242AEA536900995EB9 /* SecondViewController */,
				CD1631222AEA532200995EB9 /* SecondViewXIB */,
				CD1631232AEA532D00995EB9 /* ThirdViewController */,
				CDBDE65F2AE8E9C800B6B779 /* Main.storyboard */,
			);
			path = Module;
			sourceTree = "<group>";
		};
		CD1631212AEA531700995EB9 /* FirstViewController */ = {
			isa = PBXGroup;
			children = (
				CDBDE65D2AE8E9C800B6B779 /* ViewController.swift */,
			);
			path = FirstViewController;
			sourceTree = "<group>";
		};
		CD1631222AEA532200995EB9 /* SecondViewXIB */ = {
			isa = PBXGroup;
			children = (
				CDBDE6722AEA03DE00B6B779 /* SecondViewXIB.swift */,
				CDBDE6732AEA03DE00B6B779 /* SecondViewXIB.xib */,
			);
			path = SecondViewXIB;
			sourceTree = "<group>";
		};
		CD1631232AEA532D00995EB9 /* ThirdViewController */ = {
			isa = PBXGroup;
			children = (
				CDD15EE52AEB9826006287CA /* CollectionView */,
				CDD15ED82AEB5036006287CA /* PokemonCell */,
				CD1631292AEA621900995EB9 /* ThirdCell */,
				CDBDE6762AEA1ADD00B6B779 /* ThirdViewXIB.swift */,
				CDBDE6772AEA1ADD00B6B779 /* ThirdViewXIB.xib */,
				CDD15ED62AEB4C87006287CA /* ListThirdEntity.swift */,
			);
			path = ThirdViewController;
			sourceTree = "<group>";
		};
		CD1631242AEA536900995EB9 /* SecondViewController */ = {
			isa = PBXGroup;
			children = (
				CDBDE66E2AE9FB9700B6B779 /* SecondViewController.swift */,
			);
			path = SecondViewController;
			sourceTree = "<group>";
		};
		CD1631292AEA621900995EB9 /* ThirdCell */ = {
			isa = PBXGroup;
			children = (
				CD1631252AEA621500995EB9 /* ThirdViewCell.swift */,
				CD1631262AEA621500995EB9 /* ThirdViewCell.xib */,
			);
			path = ThirdCell;
			sourceTree = "<group>";
		};
		CDBDE64D2AE8E9C700B6B779 = {
			isa = PBXGroup;
			children = (
				CDBDE6582AE8E9C800B6B779 /* Test */,
				CDBDE6572AE8E9C800B6B779 /* Products */,
			);
			sourceTree = "<group>";
		};
		CDBDE6572AE8E9C800B6B779 /* Products */ = {
			isa = PBXGroup;
			children = (
				CDBDE6562AE8E9C800B6B779 /* Test.app */,
			);
			name = Products;
			sourceTree = "<group>";
		};
		CDBDE6582AE8E9C800B6B779 /* Test */ = {
			isa = PBXGroup;
			children = (
				CD16311A2AEA525700995EB9 /* App */,
				CD16311C2AEA528300995EB9 /* Common */,
				CD16311F2AEA52C700995EB9 /* Resource */,
				CD1631202AEA52FA00995EB9 /* Module */,
				CDBDE6672AE8E9CA00B6B779 /* Info.plist */,
			);
			path = Test;
			sourceTree = "<group>";
		};
		CDD15ED82AEB5036006287CA /* PokemonCell */ = {
			isa = PBXGroup;
			children = (
				CDD15ED92AEB50BE006287CA /* PokeViewCell.swift */,
				CDD15EDA2AEB50BE006287CA /* PokeViewCell.xib */,
			);
			path = PokemonCell;
			sourceTree = "<group>";
		};
		CDD15EE52AEB9826006287CA /* CollectionView */ = {
			isa = PBXGroup;
			children = (
				CDD15EE62AEB9853006287CA /* CollectionViewCellCollectionViewController.swift */,
				CDD15EE72AEB9853006287CA /* CollectionViewCellCollectionViewController.xib */,
			);
			path = CollectionView;
			sourceTree = "<group>";
		};
		CDD15EEA2AEBA493006287CA /* ReusableView */ = {
			isa = PBXGroup;
			children = (
				CDD15EEB2AEBA4B8006287CA /* ReusableFooter */,
			);
			path = ReusableView;
			sourceTree = "<group>";
		};
		CDD15EEB2AEBA4B8006287CA /* ReusableFooter */ = {
			isa = PBXGroup;
			children = (
				CDD15EEC2AEBA506006287CA /* ReusableFooter.swift */,
				CDD15EEE2AEBA5D2006287CA /* ReusableFooter.xib */,
			);
			path = ReusableFooter;
			sourceTree = "<group>";
		};
		CDD15EF02AEBAD14006287CA /* CollectionView */ = {
			isa = PBXGroup;
			children = (
				CD1631212AEA531700995EB9 /* FirstViewController */,
				CDD15EF72AEBAD4C006287CA /* CollectionViewCell */,
				CDD15EF32AEBAD49006287CA /* CollectionViewController.swift */,
				CDD15EF42AEBAD49006287CA /* CollectionViewController.xib */,
			);
			path = CollectionView;
			sourceTree = "<group>";
		};
		CDD15EF72AEBAD4C006287CA /* CollectionViewCell */ = {
			isa = PBXGroup;
			children = (
				CDD15EF82AEBAD69006287CA /* CollectionViewCell.swift */,
				CDD15EF92AEBAD69006287CA /* CollectionViewCell.xib */,
			);
			path = CollectionViewCell;
			sourceTree = "<group>";
		};
/* End PBXGroup section */

/* Begin PBXNativeTarget section */
		CDBDE6552AE8E9C800B6B779 /* Test */ = {
			isa = PBXNativeTarget;
			buildConfigurationList = CDBDE66A2AE8E9CA00B6B779 /* Build configuration list for PBXNativeTarget "Test" */;
			buildPhases = (
				CDBDE6522AE8E9C800B6B779 /* Sources */,
				CDBDE6532AE8E9C800B6B779 /* Frameworks */,
				CDBDE6542AE8E9C800B6B779 /* Resources */,
			);
			buildRules = (
			);
			dependencies = (
			);
			name = Test;
			productName = Test;
			productReference = CDBDE6562AE8E9C800B6B779 /* Test.app */;
			productType = "com.apple.product-type.application";
		};
/* End PBXNativeTarget section */

/* Begin PBXProject section */
		CDBDE64E2AE8E9C700B6B779 /* Project object */ = {
			isa = PBXProject;
			attributes = {
				BuildIndependentTargetsInParallel = 1;
				LastSwiftUpdateCheck = 1500;
				LastUpgradeCheck = 1500;
				TargetAttributes = {
					CDBDE6552AE8E9C800B6B779 = {
						CreatedOnToolsVersion = 15.0.1;
					};
				};
			};
			buildConfigurationList = CDBDE6512AE8E9C800B6B779 /* Build configuration list for PBXProject "Test" */;
			compatibilityVersion = "Xcode 14.0";
			developmentRegion = en;
			hasScannedForEncodings = 0;
			knownRegions = (
				en,
				Base,
				id,
			);
			mainGroup = CDBDE64D2AE8E9C700B6B779;
			productRefGroup = CDBDE6572AE8E9C800B6B779 /* Products */;
			projectDirPath = "";
			projectRoot = "";
			targets = (
				CDBDE6552AE8E9C800B6B779 /* Test */,
			);
		};
/* End PBXProject section */

/* Begin PBXResourcesBuildPhase section */
		CDBDE6542AE8E9C800B6B779 /* Resources */ = {
			isa = PBXResourcesBuildPhase;
			buildActionMask = 2147483647;
			files = (
				CDD15EDC2AEB50BE006287CA /* PokeViewCell.xib in Resources */,
				CDBDE6752AEA03DE00B6B779 /* SecondViewXIB.xib in Resources */,
				CDD15EFB2AEBAD69006287CA /* CollectionViewCell.xib in Resources */,
				CDBDE6662AE8E9CA00B6B779 /* LaunchScreen.storyboard in Resources */,
				CD1631282AEA621500995EB9 /* ThirdViewCell.xib in Resources */,
				CDBDE6632AE8E9CA00B6B779 /* Assets.xcassets in Resources */,
				CDD15EF62AEBAD49006287CA /* CollectionViewController.xib in Resources */,
				CDD15EEF2AEBA5D2006287CA /* ReusableFooter.xib in Resources */,
				CDD15EE92AEB9853006287CA /* CollectionViewCellCollectionViewController.xib in Resources */,
				CDD15EE12AEB735E006287CA /* Localizable.strings in Resources */,
				CDBDE6612AE8E9C800B6B779 /* Main.storyboard in Resources */,
				CDBDE6792AEA1ADD00B6B779 /* ThirdViewXIB.xib in Resources */,
			);
			runOnlyForDeploymentPostprocessing = 0;
		};
/* End PBXResourcesBuildPhase section */

/* Begin PBXSourcesBuildPhase section */
		CDBDE6522AE8E9C800B6B779 /* Sources */ = {
			isa = PBXSourcesBuildPhase;
			buildActionMask = 2147483647;
			files = (
				CDD15EF52AEBAD49006287CA /* CollectionViewController.swift in Sources */,
				CDBDE66F2AE9FB9700B6B779 /* SecondViewController.swift in Sources */,
				CDBDE65E2AE8E9C800B6B779 /* ViewController.swift in Sources */,
				CDD15EDB2AEB50BE006287CA /* PokeViewCell.swift in Sources */,
				CDD15EED2AEBA506006287CA /* ReusableFooter.swift in Sources */,
				CD1631272AEA621500995EB9 /* ThirdViewCell.swift in Sources */,
				CDBDE6782AEA1ADD00B6B779 /* ThirdViewXIB.swift in Sources */,
				CDD15ED72AEB4C87006287CA /* ListThirdEntity.swift in Sources */,
				CDD15EFA2AEBAD69006287CA /* CollectionViewCell.swift in Sources */,
				CDBDE65A2AE8E9C800B6B779 /* AppDelegate.swift in Sources */,
				CDD15EE82AEB9853006287CA /* CollectionViewCellCollectionViewController.swift in Sources */,
				CDBDE65C2AE8E9C800B6B779 /* SceneDelegate.swift in Sources */,
				CDBDE6742AEA03DE00B6B779 /* SecondViewXIB.swift in Sources */,
			);
			runOnlyForDeploymentPostprocessing = 0;
		};
/* End PBXSourcesBuildPhase section */

/* Begin PBXVariantGroup section */
		CDBDE65F2AE8E9C800B6B779 /* Main.storyboard */ = {
			isa = PBXVariantGroup;
			children = (
				CDBDE6602AE8E9C800B6B779 /* Base */,
			);
			name = Main.storyboard;
			sourceTree = "<group>";
		};
		CDBDE6642AE8E9CA00B6B779 /* LaunchScreen.storyboard */ = {
			isa = PBXVariantGroup;
			children = (
				CDBDE6652AE8E9CA00B6B779 /* Base */,
			);
			name = LaunchScreen.storyboard;
			sourceTree = "<group>";
		};
		CDD15EE32AEB735E006287CA /* Localizable.strings */ = {
			isa = PBXVariantGroup;
			children = (
				CDD15EE22AEB735E006287CA /* en */,
				CDD15EE42AEB7394006287CA /* id */,
			);
			name = Localizable.strings;
			sourceTree = "<group>";
		};
/* End PBXVariantGroup section */

/* Begin XCBuildConfiguration section */
		CDBDE6682AE8E9CA00B6B779 /* Debug */ = {
			isa = XCBuildConfiguration;
			buildSettings = {
				ALWAYS_SEARCH_USER_PATHS = NO;
				ASSETCATALOG_COMPILER_GENERATE_SWIFT_ASSET_SYMBOL_EXTENSIONS = YES;
				CLANG_ANALYZER_LOCALIZABILITY_NONLOCALIZED = YES;
				CLANG_ANALYZER_NONNULL = YES;
				CLANG_ANALYZER_NUMBER_OBJECT_CONVERSION = YES_AGGRESSIVE;
				CLANG_CXX_LANGUAGE_STANDARD = "gnu++20";
				CLANG_ENABLE_MODULES = YES;
				CLANG_ENABLE_OBJC_ARC = YES;
				CLANG_ENABLE_OBJC_WEAK = YES;
				CLANG_WARN_BLOCK_CAPTURE_AUTORELEASING = YES;
				CLANG_WARN_BOOL_CONVERSION = YES;
				CLANG_WARN_COMMA = YES;
				CLANG_WARN_CONSTANT_CONVERSION = YES;
				CLANG_WARN_DEPRECATED_OBJC_IMPLEMENTATIONS = YES;
				CLANG_WARN_DIRECT_OBJC_ISA_USAGE = YES_ERROR;
				CLANG_WARN_DOCUMENTATION_COMMENTS = YES;
				CLANG_WARN_EMPTY_BODY = YES;
				CLANG_WARN_ENUM_CONVERSION = YES;
				CLANG_WARN_INFINITE_RECURSION = YES;
				CLANG_WARN_INT_CONVERSION = YES;
				CLANG_WARN_NON_LITERAL_NULL_CONVERSION = YES;
				CLANG_WARN_OBJC_IMPLICIT_RETAIN_SELF = YES;
				CLANG_WARN_OBJC_LITERAL_CONVERSION = YES;
				CLANG_WARN_OBJC_ROOT_CLASS = YES_ERROR;
				CLANG_WARN_QUOTED_INCLUDE_IN_FRAMEWORK_HEADER = YES;
				CLANG_WARN_RANGE_LOOP_ANALYSIS = YES;
				CLANG_WARN_STRICT_PROTOTYPES = YES;
				CLANG_WARN_SUSPICIOUS_MOVE = YES;
				CLANG_WARN_UNGUARDED_AVAILABILITY = YES_AGGRESSIVE;
				CLANG_WARN_UNREACHABLE_CODE = YES;
				CLANG_WARN__DUPLICATE_METHOD_MATCH = YES;
				COPY_PHASE_STRIP = NO;
				DEBUG_INFORMATION_FORMAT = dwarf;
				ENABLE_STRICT_OBJC_MSGSEND = YES;
				ENABLE_TESTABILITY = YES;
				ENABLE_USER_SCRIPT_SANDBOXING = YES;
				GCC_C_LANGUAGE_STANDARD = gnu17;
				GCC_DYNAMIC_NO_PIC = NO;
				GCC_NO_COMMON_BLOCKS = YES;
				GCC_OPTIMIZATION_LEVEL = 0;
				GCC_PREPROCESSOR_DEFINITIONS = (
					"DEBUG=1",
					"$(inherited)",
				);
				GCC_WARN_64_TO_32_BIT_CONVERSION = YES;
				GCC_WARN_ABOUT_RETURN_TYPE = YES_ERROR;
				GCC_WARN_UNDECLARED_SELECTOR = YES;
				GCC_WARN_UNINITIALIZED_AUTOS = YES_AGGRESSIVE;
				GCC_WARN_UNUSED_FUNCTION = YES;
				GCC_WARN_UNUSED_VARIABLE = YES;
				IPHONEOS_DEPLOYMENT_TARGET = 17.0;
				LOCALIZATION_PREFERS_STRING_CATALOGS = YES;
				MTL_ENABLE_DEBUG_INFO = INCLUDE_SOURCE;
				MTL_FAST_MATH = YES;
				ONLY_ACTIVE_ARCH = YES;
				SDKROOT = iphoneos;
				SWIFT_ACTIVE_COMPILATION_CONDITIONS = "DEBUG $(inherited)";
				SWIFT_OPTIMIZATION_LEVEL = "-Onone";
			};
			name = Debug;
		};
		CDBDE6692AE8E9CA00B6B779 /* Release */ = {
			isa = XCBuildConfiguration;
			buildSettings = {
				ALWAYS_SEARCH_USER_PATHS = NO;
				ASSETCATALOG_COMPILER_GENERATE_SWIFT_ASSET_SYMBOL_EXTENSIONS = YES;
				CLANG_ANALYZER_LOCALIZABILITY_NONLOCALIZED = YES;
				CLANG_ANALYZER_NONNULL = YES;
				CLANG_ANALYZER_NUMBER_OBJECT_CONVERSION = YES_AGGRESSIVE;
				CLANG_CXX_LANGUAGE_STANDARD = "gnu++20";
				CLANG_ENABLE_MODULES = YES;
				CLANG_ENABLE_OBJC_ARC = YES;
				CLANG_ENABLE_OBJC_WEAK = YES;
				CLANG_WARN_BLOCK_CAPTURE_AUTORELEASING = YES;
				CLANG_WARN_BOOL_CONVERSION = YES;
				CLANG_WARN_COMMA = YES;
				CLANG_WARN_CONSTANT_CONVERSION = YES;
				CLANG_WARN_DEPRECATED_OBJC_IMPLEMENTATIONS = YES;
				CLANG_WARN_DIRECT_OBJC_ISA_USAGE = YES_ERROR;
				CLANG_WARN_DOCUMENTATION_COMMENTS = YES;
				CLANG_WARN_EMPTY_BODY = YES;
				CLANG_WARN_ENUM_CONVERSION = YES;
				CLANG_WARN_INFINITE_RECURSION = YES;
				CLANG_WARN_INT_CONVERSION = YES;
				CLANG_WARN_NON_LITERAL_NULL_CONVERSION = YES;
				CLANG_WARN_OBJC_IMPLICIT_RETAIN_SELF = YES;
				CLANG_WARN_OBJC_LITERAL_CONVERSION = YES;
				CLANG_WARN_OBJC_ROOT_CLASS = YES_ERROR;
				CLANG_WARN_QUOTED_INCLUDE_IN_FRAMEWORK_HEADER = YES;
				CLANG_WARN_RANGE_LOOP_ANALYSIS = YES;
				CLANG_WARN_STRICT_PROTOTYPES = YES;
				CLANG_WARN_SUSPICIOUS_MOVE = YES;
				CLANG_WARN_UNGUARDED_AVAILABILITY = YES_AGGRESSIVE;
				CLANG_WARN_UNREACHABLE_CODE = YES;
				CLANG_WARN__DUPLICATE_METHOD_MATCH = YES;
				COPY_PHASE_STRIP = NO;
				DEBUG_INFORMATION_FORMAT = "dwarf-with-dsym";
				ENABLE_NS_ASSERTIONS = NO;
				ENABLE_STRICT_OBJC_MSGSEND = YES;
				ENABLE_USER_SCRIPT_SANDBOXING = YES;
				GCC_C_LANGUAGE_STANDARD = gnu17;
				GCC_NO_COMMON_BLOCKS = YES;
				GCC_WARN_64_TO_32_BIT_CONVERSION = YES;
				GCC_WARN_ABOUT_RETURN_TYPE = YES_ERROR;
				GCC_WARN_UNDECLARED_SELECTOR = YES;
				GCC_WARN_UNINITIALIZED_AUTOS = YES_AGGRESSIVE;
				GCC_WARN_UNUSED_FUNCTION = YES;
				GCC_WARN_UNUSED_VARIABLE = YES;
				IPHONEOS_DEPLOYMENT_TARGET = 17.0;
				LOCALIZATION_PREFERS_STRING_CATALOGS = YES;
				MTL_ENABLE_DEBUG_INFO = NO;
				MTL_FAST_MATH = YES;
				SDKROOT = iphoneos;
				SWIFT_COMPILATION_MODE = wholemodule;
				VALIDATE_PRODUCT = YES;
			};
			name = Release;
		};
		CDBDE66B2AE8E9CA00B6B779 /* Debug */ = {
			isa = XCBuildConfiguration;
			buildSettings = {
				ASSETCATALOG_COMPILER_APPICON_NAME = AppIcon;
				ASSETCATALOG_COMPILER_GLOBAL_ACCENT_COLOR_NAME = AccentColor;
				CODE_SIGN_STYLE = Automatic;
				CURRENT_PROJECT_VERSION = 1;
				DEVELOPMENT_TEAM = N7RK5YTXSM;
				GENERATE_INFOPLIST_FILE = YES;
				INFOPLIST_FILE = Test/Info.plist;
				INFOPLIST_KEY_UIApplicationSupportsIndirectInputEvents = YES;
				INFOPLIST_KEY_UILaunchStoryboardName = LaunchScreen;
				INFOPLIST_KEY_UIMainStoryboardFile = Main;
				INFOPLIST_KEY_UISupportedInterfaceOrientations = UIInterfaceOrientationPortrait;
				INFOPLIST_KEY_UISupportedInterfaceOrientations_iPad = "UIInterfaceOrientationLandscapeLeft UIInterfaceOrientationLandscapeRight UIInterfaceOrientationPortrait UIInterfaceOrientationPortraitUpsideDown";
				LD_RUNPATH_SEARCH_PATHS = (
					"$(inherited)",
					"@executable_path/Frameworks",
				);
				MARKETING_VERSION = 1.0;
				PRODUCT_BUNDLE_IDENTIFIER = me.fahmi.muhammad.Test;
				PRODUCT_NAME = "$(TARGET_NAME)";
				SWIFT_EMIT_LOC_STRINGS = YES;
				SWIFT_VERSION = 5.0;
				TARGETED_DEVICE_FAMILY = "1,2";
			};
			name = Debug;
		};
		CDBDE66C2AE8E9CA00B6B779 /* Release */ = {
			isa = XCBuildConfiguration;
			buildSettings = {
				ASSETCATALOG_COMPILER_APPICON_NAME = AppIcon;
				ASSETCATALOG_COMPILER_GLOBAL_ACCENT_COLOR_NAME = AccentColor;
				CODE_SIGN_STYLE = Automatic;
				CURRENT_PROJECT_VERSION = 1;
				DEVELOPMENT_TEAM = N7RK5YTXSM;
				GENERATE_INFOPLIST_FILE = YES;
				INFOPLIST_FILE = Test/Info.plist;
				INFOPLIST_KEY_UIApplicationSupportsIndirectInputEvents = YES;
				INFOPLIST_KEY_UILaunchStoryboardName = LaunchScreen;
				INFOPLIST_KEY_UIMainStoryboardFile = Main;
				INFOPLIST_KEY_UISupportedInterfaceOrientations = UIInterfaceOrientationPortrait;
				INFOPLIST_KEY_UISupportedInterfaceOrientations_iPad = "UIInterfaceOrientationLandscapeLeft UIInterfaceOrientationLandscapeRight UIInterfaceOrientationPortrait UIInterfaceOrientationPortraitUpsideDown";
				LD_RUNPATH_SEARCH_PATHS = (
					"$(inherited)",
					"@executable_path/Frameworks",
				);
				MARKETING_VERSION = 1.0;
				PRODUCT_BUNDLE_IDENTIFIER = me.fahmi.muhammad.Test;
				PRODUCT_NAME = "$(TARGET_NAME)";
				SWIFT_EMIT_LOC_STRINGS = YES;
				SWIFT_VERSION = 5.0;
				TARGETED_DEVICE_FAMILY = "1,2";
			};
			name = Release;
		};
/* End XCBuildConfiguration section */

/* Begin XCConfigurationList section */
		CDBDE6512AE8E9C800B6B779 /* Build configuration list for PBXProject "Test" */ = {
			isa = XCConfigurationList;
			buildConfigurations = (
				CDBDE6682AE8E9CA00B6B779 /* Debug */,
				CDBDE6692AE8E9CA00B6B779 /* Release */,
			);
			defaultConfigurationIsVisible = 0;
			defaultConfigurationName = Release;
		};
		CDBDE66A2AE8E9CA00B6B779 /* Build configuration list for PBXNativeTarget "Test" */ = {
			isa = XCConfigurationList;
			buildConfigurations = (
				CDBDE66B2AE8E9CA00B6B779 /* Debug */,
				CDBDE66C2AE8E9CA00B6B779 /* Release */,
			);
			defaultConfigurationIsVisible = 0;
			defaultConfigurationName = Release;
		};
/* End XCConfigurationList section */
	};
	rootObject = CDBDE64E2AE8E9C700B6B779 /* Project object */;
}
