// !$*UTF8*$!
{
	archiveVersion = 1;
	classes = {
	};
	objectVersion = 56;
	objects = {

/* Begin PBXBuildFile section */
		CD0709322AFA9E0B0079FC45 /* SearchFilm.swift in Sources */ = {isa = PBXBuildFile; fileRef = CD0709312AFA9E0B0079FC45 /* SearchFilm.swift */; };
		CD0709362AFB32C40079FC45 /* SearchButtonViewController.swift in Sources */ = {isa = PBXBuildFile; fileRef = CD0709342AFB32C40079FC45 /* SearchButtonViewController.swift */; };
		CD0709372AFB32C40079FC45 /* SearchButtonViewController.xib in Resources */ = {isa = PBXBuildFile; fileRef = CD0709352AFB32C40079FC45 /* SearchButtonViewController.xib */; };
		CD07093B2AFB3B500079FC45 /* SearchCollectionViewCell.swift in Sources */ = {isa = PBXBuildFile; fileRef = CD0709392AFB3B500079FC45 /* SearchCollectionViewCell.swift */; };
		CD07093C2AFB3B500079FC45 /* SearchCollectionViewCell.xib in Resources */ = {isa = PBXBuildFile; fileRef = CD07093A2AFB3B500079FC45 /* SearchCollectionViewCell.xib */; };
		CD0709432AFB599E0079FC45 /* Extensions.swift in Sources */ = {isa = PBXBuildFile; fileRef = CD0709422AFB599E0079FC45 /* Extensions.swift */; };
		CD136FD12AFA33770046BB44 /* SearchVCViewModel.swift in Sources */ = {isa = PBXBuildFile; fileRef = CD136FD02AFA33770046BB44 /* SearchVCViewModel.swift */; };
		CD16E3082AF35CBC00669456 /* Popular.swift in Sources */ = {isa = PBXBuildFile; fileRef = CD16E3072AF35CBC00669456 /* Popular.swift */; };
		CD16E30C2AF36F6300669456 /* HomeVCViewModel.swift in Sources */ = {isa = PBXBuildFile; fileRef = CD16E30B2AF36F6300669456 /* HomeVCViewModel.swift */; };
		CD16E3102AF37B9400669456 /* RegisterViewController.swift in Sources */ = {isa = PBXBuildFile; fileRef = CD16E30E2AF37B9400669456 /* RegisterViewController.swift */; };
		CD16E3112AF37B9400669456 /* RegisterViewController.xib in Resources */ = {isa = PBXBuildFile; fileRef = CD16E30F2AF37B9400669456 /* RegisterViewController.xib */; };
		CD16E3142AF3826100669456 /* ListMovieCell.swift in Sources */ = {isa = PBXBuildFile; fileRef = CD16E3122AF3826100669456 /* ListMovieCell.swift */; };
		CD16E3152AF3826100669456 /* ListMovieCell.xib in Resources */ = {isa = PBXBuildFile; fileRef = CD16E3132AF3826100669456 /* ListMovieCell.xib */; };
		CD2C65142AEFB2340026B35B /* LoginViewController.swift in Sources */ = {isa = PBXBuildFile; fileRef = CD2C65122AEFB2340026B35B /* LoginViewController.swift */; };
		CD2C65152AEFB2340026B35B /* LoginViewController.xib in Resources */ = {isa = PBXBuildFile; fileRef = CD2C65132AEFB2340026B35B /* LoginViewController.xib */; };
		CD3F596A2AFA3ECB00E6FCDD /* RoundedReusableCustomView.swift in Sources */ = {isa = PBXBuildFile; fileRef = CD3F59692AFA3ECB00E6FCDD /* RoundedReusableCustomView.swift */; };
		CD3F596C2AFA3F0900E6FCDD /* RoundedReusableCustomView.xib in Resources */ = {isa = PBXBuildFile; fileRef = CD3F596B2AFA3F0900E6FCDD /* RoundedReusableCustomView.xib */; };
		CD40E1E52AF7DC6B002D2407 /* CustomAPIManager.swift in Sources */ = {isa = PBXBuildFile; fileRef = CD40E1E42AF7DC6B002D2407 /* CustomAPIManager.swift */; };
		CD40E1E72AF7DD56002D2407 /* Endpoint.swift in Sources */ = {isa = PBXBuildFile; fileRef = CD40E1E62AF7DD56002D2407 /* Endpoint.swift */; };
		CD40E1EA2AF875DA002D2407 /* TopRated.swift in Sources */ = {isa = PBXBuildFile; fileRef = CD40E1E92AF875DA002D2407 /* TopRated.swift */; };
		CD4FA4452AF39ECE00226717 /* DetailViewController.swift in Sources */ = {isa = PBXBuildFile; fileRef = CD4FA4432AF39ECE00226717 /* DetailViewController.swift */; };
		CD4FA4462AF39ECE00226717 /* DetailViewController.xib in Resources */ = {isa = PBXBuildFile; fileRef = CD4FA4442AF39ECE00226717 /* DetailViewController.xib */; };
		CD5DD49D2AEF38AA00140DFA /* AppDelegate.swift in Sources */ = {isa = PBXBuildFile; fileRef = CD5DD49C2AEF38AA00140DFA /* AppDelegate.swift */; };
		CD5DD49F2AEF38AA00140DFA /* SceneDelegate.swift in Sources */ = {isa = PBXBuildFile; fileRef = CD5DD49E2AEF38AA00140DFA /* SceneDelegate.swift */; };
		CD5DD4A62AEF38AB00140DFA /* Assets.xcassets in Resources */ = {isa = PBXBuildFile; fileRef = CD5DD4A52AEF38AB00140DFA /* Assets.xcassets */; };
		CD5DD4B52AEF3AD300140DFA /* SecondViewController.swift in Sources */ = {isa = PBXBuildFile; fileRef = CD5DD4B32AEF3AD300140DFA /* SecondViewController.swift */; };
		CD5DD4B62AEF3AD300140DFA /* SecondViewController.xib in Resources */ = {isa = PBXBuildFile; fileRef = CD5DD4B42AEF3AD300140DFA /* SecondViewController.xib */; };
		CD60A63C2AF1F61400B2E511 /* GoogleService-Info.plist in Resources */ = {isa = PBXBuildFile; fileRef = CD60A63B2AF1F61400B2E511 /* GoogleService-Info.plist */; };
		CD78336E2AEF3EEA0030AA43 /* TableViewController.swift in Sources */ = {isa = PBXBuildFile; fileRef = CD78336C2AEF3EEA0030AA43 /* TableViewController.swift */; };
		CD78336F2AEF3EEA0030AA43 /* TableViewController.xib in Resources */ = {isa = PBXBuildFile; fileRef = CD78336D2AEF3EEA0030AA43 /* TableViewController.xib */; };
		CD7833732AEF3EFD0030AA43 /* HorizontalCell.swift in Sources */ = {isa = PBXBuildFile; fileRef = CD7833712AEF3EFD0030AA43 /* HorizontalCell.swift */; };
		CD7833742AEF3EFD0030AA43 /* HorizontalCell.xib in Resources */ = {isa = PBXBuildFile; fileRef = CD7833722AEF3EFD0030AA43 /* HorizontalCell.xib */; };
		CD7833772AEF504D0030AA43 /* VerticalCell.swift in Sources */ = {isa = PBXBuildFile; fileRef = CD7833752AEF504D0030AA43 /* VerticalCell.swift */; };
		CD7833782AEF504D0030AA43 /* VerticalCell.xib in Resources */ = {isa = PBXBuildFile; fileRef = CD7833762AEF504D0030AA43 /* VerticalCell.xib */; };
		CD78337B2AEF53F60030AA43 /* CollectionViewCell.swift in Sources */ = {isa = PBXBuildFile; fileRef = CD7833792AEF53F60030AA43 /* CollectionViewCell.swift */; };
		CD78337C2AEF53F60030AA43 /* CollectionViewCell.xib in Resources */ = {isa = PBXBuildFile; fileRef = CD78337A2AEF53F60030AA43 /* CollectionViewCell.xib */; };
		CD79F6AE2AEF80C500338C72 /* Constants.swift in Sources */ = {isa = PBXBuildFile; fileRef = CD79F6AD2AEF80C500338C72 /* Constants.swift */; };
		CD79F6B02AEF82B700338C72 /* MainTabBarViewController.swift in Sources */ = {isa = PBXBuildFile; fileRef = CD79F6AF2AEF82B700338C72 /* MainTabBarViewController.swift */; };
		CD79F6BB2AEF83A300338C72 /* MoreViewController.swift in Sources */ = {isa = PBXBuildFile; fileRef = CD79F6B92AEF83A300338C72 /* MoreViewController.swift */; };
		CD79F6BC2AEF83A300338C72 /* MoreViewController.xib in Resources */ = {isa = PBXBuildFile; fileRef = CD79F6BA2AEF83A300338C72 /* MoreViewController.xib */; };
		CD79F6BF2AEF844C00338C72 /* DownloadsViewController.swift in Sources */ = {isa = PBXBuildFile; fileRef = CD79F6BD2AEF844C00338C72 /* DownloadsViewController.swift */; };
		CD79F6C02AEF844C00338C72 /* DownloadsViewController.xib in Resources */ = {isa = PBXBuildFile; fileRef = CD79F6BE2AEF844C00338C72 /* DownloadsViewController.xib */; };
		CDA849DD2AF09A5C0043F9AD /* netflixLottie.json in Resources */ = {isa = PBXBuildFile; fileRef = CDA849DC2AF09A5B0043F9AD /* netflixLottie.json */; };
		CDAF8A682AF8A6B000CB670D /* String.swift in Sources */ = {isa = PBXBuildFile; fileRef = CDAF8A672AF8A6B000CB670D /* String.swift */; };
		CDAF8A692AF8B45700CB670D /* Keys.xcconfig in Resources */ = {isa = PBXBuildFile; fileRef = CDAF8A662AF8A5B500CB670D /* Keys.xcconfig */; };
		CDAF8A6B2AF8D48400CB670D /* NowPlaying.swift in Sources */ = {isa = PBXBuildFile; fileRef = CDAF8A6A2AF8D48400CB670D /* NowPlaying.swift */; };
		CDAF8A6D2AF8D72700CB670D /* Upcoming.swift in Sources */ = {isa = PBXBuildFile; fileRef = CDAF8A6C2AF8D72700CB670D /* Upcoming.swift */; };
		CDAF8A782AF8DEF400CB670D /* SquareCollectionViewCell.swift in Sources */ = {isa = PBXBuildFile; fileRef = CDAF8A762AF8DEF400CB670D /* SquareCollectionViewCell.swift */; };
		CDAF8A792AF8DEF400CB670D /* SquareCollectionViewCell.xib in Resources */ = {isa = PBXBuildFile; fileRef = CDAF8A772AF8DEF400CB670D /* SquareCollectionViewCell.xib */; };
		CDAF8A812AF94B2200CB670D /* DiscoverTV.swift in Sources */ = {isa = PBXBuildFile; fileRef = CDAF8A802AF94B2200CB670D /* DiscoverTV.swift */; };
		CDAF8A842AF95B5200CB670D /* CarouselCollectionViewCell.swift in Sources */ = {isa = PBXBuildFile; fileRef = CDAF8A822AF95B5200CB670D /* CarouselCollectionViewCell.swift */; };
		CDAF8A852AF95B5200CB670D /* CarouselCollectionViewCell.xib in Resources */ = {isa = PBXBuildFile; fileRef = CDAF8A832AF95B5200CB670D /* CarouselCollectionViewCell.xib */; };
		CDC05AF12AF0AED100706AB7 /* ComingSoonViewController.swift in Sources */ = {isa = PBXBuildFile; fileRef = CDC05AEF2AF0AED100706AB7 /* ComingSoonViewController.swift */; };
		CDC05AF22AF0AED100706AB7 /* ComingSoonViewController.xib in Resources */ = {isa = PBXBuildFile; fileRef = CDC05AF02AF0AED100706AB7 /* ComingSoonViewController.xib */; };
		CDCEABD92AF0E9EB004F37B8 /* SplashScreen.swift in Sources */ = {isa = PBXBuildFile; fileRef = CDCEABD72AF0E9EB004F37B8 /* SplashScreen.swift */; };
		CDCEABDA2AF0E9EB004F37B8 /* SplashScreen.xib in Resources */ = {isa = PBXBuildFile; fileRef = CDCEABD82AF0E9EB004F37B8 /* SplashScreen.xib */; };
		CDCEABDF2AF0F5AD004F37B8 /* SearchBarReusableCustomView.swift in Sources */ = {isa = PBXBuildFile; fileRef = CDCEABDE2AF0F5AD004F37B8 /* SearchBarReusableCustomView.swift */; };
		CDCEABE12AF0F5BA004F37B8 /* SearchBarReusableCustomView.xib in Resources */ = {isa = PBXBuildFile; fileRef = CDCEABE02AF0F5BA004F37B8 /* SearchBarReusableCustomView.xib */; };
		CDD2AEA22AF49B5A002362C6 /* MovieDescriptionTableCell.swift in Sources */ = {isa = PBXBuildFile; fileRef = CDD2AEA02AF49B5A002362C6 /* MovieDescriptionTableCell.swift */; };
		CDD2AEA32AF49B5A002362C6 /* MovieDescriptionTableCell.xib in Resources */ = {isa = PBXBuildFile; fileRef = CDD2AEA12AF49B5A002362C6 /* MovieDescriptionTableCell.xib */; };
		CE8BAC8DDC2A8108BBB58847 /* Pods_netflixUIKit.framework in Frameworks */ = {isa = PBXBuildFile; fileRef = 83A152BD06544788959DDECC /* Pods_netflixUIKit.framework */; };
/* End PBXBuildFile section */

/* Begin PBXFileReference section */
		83A152BD06544788959DDECC /* Pods_netflixUIKit.framework */ = {isa = PBXFileReference; explicitFileType = wrapper.framework; includeInIndex = 0; path = Pods_netflixUIKit.framework; sourceTree = BUILT_PRODUCTS_DIR; };
		9F8AD6DC11A357D8394CE92E /* Pods-netflixUIKit.debug.xcconfig */ = {isa = PBXFileReference; includeInIndex = 1; lastKnownFileType = text.xcconfig; name = "Pods-netflixUIKit.debug.xcconfig"; path = "Target Support Files/Pods-netflixUIKit/Pods-netflixUIKit.debug.xcconfig"; sourceTree = "<group>"; };
		9F9C92B73F86A50AB327CE80 /* Pods-netflixUIKit.release.xcconfig */ = {isa = PBXFileReference; includeInIndex = 1; lastKnownFileType = text.xcconfig; name = "Pods-netflixUIKit.release.xcconfig"; path = "Target Support Files/Pods-netflixUIKit/Pods-netflixUIKit.release.xcconfig"; sourceTree = "<group>"; };
		CD0709312AFA9E0B0079FC45 /* SearchFilm.swift */ = {isa = PBXFileReference; lastKnownFileType = sourcecode.swift; path = SearchFilm.swift; sourceTree = "<group>"; };
		CD0709342AFB32C40079FC45 /* SearchButtonViewController.swift */ = {isa = PBXFileReference; lastKnownFileType = sourcecode.swift; path = SearchButtonViewController.swift; sourceTree = "<group>"; };
		CD0709352AFB32C40079FC45 /* SearchButtonViewController.xib */ = {isa = PBXFileReference; lastKnownFileType = file.xib; path = SearchButtonViewController.xib; sourceTree = "<group>"; };
		CD0709392AFB3B500079FC45 /* SearchCollectionViewCell.swift */ = {isa = PBXFileReference; lastKnownFileType = sourcecode.swift; path = SearchCollectionViewCell.swift; sourceTree = "<group>"; };
		CD07093A2AFB3B500079FC45 /* SearchCollectionViewCell.xib */ = {isa = PBXFileReference; lastKnownFileType = file.xib; path = SearchCollectionViewCell.xib; sourceTree = "<group>"; };
		CD0709422AFB599E0079FC45 /* Extensions.swift */ = {isa = PBXFileReference; lastKnownFileType = sourcecode.swift; path = Extensions.swift; sourceTree = "<group>"; };
		CD136FD02AFA33770046BB44 /* SearchVCViewModel.swift */ = {isa = PBXFileReference; lastKnownFileType = sourcecode.swift; path = SearchVCViewModel.swift; sourceTree = "<group>"; };
		CD16E3072AF35CBC00669456 /* Popular.swift */ = {isa = PBXFileReference; lastKnownFileType = sourcecode.swift; path = Popular.swift; sourceTree = "<group>"; };
		CD16E30B2AF36F6300669456 /* HomeVCViewModel.swift */ = {isa = PBXFileReference; lastKnownFileType = sourcecode.swift; path = HomeVCViewModel.swift; sourceTree = "<group>"; };
		CD16E30E2AF37B9400669456 /* RegisterViewController.swift */ = {isa = PBXFileReference; lastKnownFileType = sourcecode.swift; path = RegisterViewController.swift; sourceTree = "<group>"; };
		CD16E30F2AF37B9400669456 /* RegisterViewController.xib */ = {isa = PBXFileReference; lastKnownFileType = file.xib; path = RegisterViewController.xib; sourceTree = "<group>"; };
		CD16E3122AF3826100669456 /* ListMovieCell.swift */ = {isa = PBXFileReference; lastKnownFileType = sourcecode.swift; path = ListMovieCell.swift; sourceTree = "<group>"; };
		CD16E3132AF3826100669456 /* ListMovieCell.xib */ = {isa = PBXFileReference; lastKnownFileType = file.xib; path = ListMovieCell.xib; sourceTree = "<group>"; };
		CD2C65122AEFB2340026B35B /* LoginViewController.swift */ = {isa = PBXFileReference; lastKnownFileType = sourcecode.swift; path = LoginViewController.swift; sourceTree = "<group>"; };
		CD2C65132AEFB2340026B35B /* LoginViewController.xib */ = {isa = PBXFileReference; lastKnownFileType = file.xib; path = LoginViewController.xib; sourceTree = "<group>"; };
		CD3F59692AFA3ECB00E6FCDD /* RoundedReusableCustomView.swift */ = {isa = PBXFileReference; lastKnownFileType = sourcecode.swift; path = RoundedReusableCustomView.swift; sourceTree = "<group>"; };
		CD3F596B2AFA3F0900E6FCDD /* RoundedReusableCustomView.xib */ = {isa = PBXFileReference; lastKnownFileType = file.xib; path = RoundedReusableCustomView.xib; sourceTree = "<group>"; };
		CD40E1E42AF7DC6B002D2407 /* CustomAPIManager.swift */ = {isa = PBXFileReference; lastKnownFileType = sourcecode.swift; path = CustomAPIManager.swift; sourceTree = "<group>"; };
		CD40E1E62AF7DD56002D2407 /* Endpoint.swift */ = {isa = PBXFileReference; lastKnownFileType = sourcecode.swift; path = Endpoint.swift; sourceTree = "<group>"; };
		CD40E1E92AF875DA002D2407 /* TopRated.swift */ = {isa = PBXFileReference; lastKnownFileType = sourcecode.swift; path = TopRated.swift; sourceTree = "<group>"; };
		CD4FA4432AF39ECE00226717 /* DetailViewController.swift */ = {isa = PBXFileReference; lastKnownFileType = sourcecode.swift; path = DetailViewController.swift; sourceTree = "<group>"; };
		CD4FA4442AF39ECE00226717 /* DetailViewController.xib */ = {isa = PBXFileReference; lastKnownFileType = file.xib; path = DetailViewController.xib; sourceTree = "<group>"; };
		CD5DD4992AEF38AA00140DFA /* netflixUIKit.app */ = {isa = PBXFileReference; explicitFileType = wrapper.application; includeInIndex = 0; path = netflixUIKit.app; sourceTree = BUILT_PRODUCTS_DIR; };
		CD5DD49C2AEF38AA00140DFA /* AppDelegate.swift */ = {isa = PBXFileReference; lastKnownFileType = sourcecode.swift; path = AppDelegate.swift; sourceTree = "<group>"; };
		CD5DD49E2AEF38AA00140DFA /* SceneDelegate.swift */ = {isa = PBXFileReference; lastKnownFileType = sourcecode.swift; path = SceneDelegate.swift; sourceTree = "<group>"; };
		CD5DD4A52AEF38AB00140DFA /* Assets.xcassets */ = {isa = PBXFileReference; lastKnownFileType = folder.assetcatalog; path = Assets.xcassets; sourceTree = "<group>"; };
		CD5DD4AA2AEF38AB00140DFA /* Info.plist */ = {isa = PBXFileReference; lastKnownFileType = text.plist.xml; path = Info.plist; sourceTree = "<group>"; };
		CD5DD4B32AEF3AD300140DFA /* SecondViewController.swift */ = {isa = PBXFileReference; lastKnownFileType = sourcecode.swift; path = SecondViewController.swift; sourceTree = "<group>"; };
		CD5DD4B42AEF3AD300140DFA /* SecondViewController.xib */ = {isa = PBXFileReference; lastKnownFileType = file.xib; path = SecondViewController.xib; sourceTree = "<group>"; };
		CD60A63B2AF1F61400B2E511 /* GoogleService-Info.plist */ = {isa = PBXFileReference; fileEncoding = 4; lastKnownFileType = text.plist.xml; path = "GoogleService-Info.plist"; sourceTree = "<group>"; };
		CD78336C2AEF3EEA0030AA43 /* TableViewController.swift */ = {isa = PBXFileReference; lastKnownFileType = sourcecode.swift; path = TableViewController.swift; sourceTree = "<group>"; };
		CD78336D2AEF3EEA0030AA43 /* TableViewController.xib */ = {isa = PBXFileReference; lastKnownFileType = file.xib; path = TableViewController.xib; sourceTree = "<group>"; };
		CD7833712AEF3EFD0030AA43 /* HorizontalCell.swift */ = {isa = PBXFileReference; lastKnownFileType = sourcecode.swift; path = HorizontalCell.swift; sourceTree = "<group>"; };
		CD7833722AEF3EFD0030AA43 /* HorizontalCell.xib */ = {isa = PBXFileReference; lastKnownFileType = file.xib; path = HorizontalCell.xib; sourceTree = "<group>"; };
		CD7833752AEF504D0030AA43 /* VerticalCell.swift */ = {isa = PBXFileReference; lastKnownFileType = sourcecode.swift; path = VerticalCell.swift; sourceTree = "<group>"; };
		CD7833762AEF504D0030AA43 /* VerticalCell.xib */ = {isa = PBXFileReference; lastKnownFileType = file.xib; path = VerticalCell.xib; sourceTree = "<group>"; };
		CD7833792AEF53F60030AA43 /* CollectionViewCell.swift */ = {isa = PBXFileReference; lastKnownFileType = sourcecode.swift; path = CollectionViewCell.swift; sourceTree = "<group>"; };
		CD78337A2AEF53F60030AA43 /* CollectionViewCell.xib */ = {isa = PBXFileReference; lastKnownFileType = file.xib; path = CollectionViewCell.xib; sourceTree = "<group>"; };
		CD79F6AD2AEF80C500338C72 /* Constants.swift */ = {isa = PBXFileReference; lastKnownFileType = sourcecode.swift; path = Constants.swift; sourceTree = "<group>"; };
		CD79F6AF2AEF82B700338C72 /* MainTabBarViewController.swift */ = {isa = PBXFileReference; lastKnownFileType = sourcecode.swift; path = MainTabBarViewController.swift; sourceTree = "<group>"; };
		CD79F6B92AEF83A300338C72 /* MoreViewController.swift */ = {isa = PBXFileReference; lastKnownFileType = sourcecode.swift; path = MoreViewController.swift; sourceTree = "<group>"; };
		CD79F6BA2AEF83A300338C72 /* MoreViewController.xib */ = {isa = PBXFileReference; lastKnownFileType = file.xib; path = MoreViewController.xib; sourceTree = "<group>"; };
		CD79F6BD2AEF844C00338C72 /* DownloadsViewController.swift */ = {isa = PBXFileReference; lastKnownFileType = sourcecode.swift; path = DownloadsViewController.swift; sourceTree = "<group>"; };
		CD79F6BE2AEF844C00338C72 /* DownloadsViewController.xib */ = {isa = PBXFileReference; lastKnownFileType = file.xib; path = DownloadsViewController.xib; sourceTree = "<group>"; };
		CDA849DC2AF09A5B0043F9AD /* netflixLottie.json */ = {isa = PBXFileReference; fileEncoding = 4; lastKnownFileType = text.json; path = netflixLottie.json; sourceTree = "<group>"; };
		CDAF8A662AF8A5B500CB670D /* Keys.xcconfig */ = {isa = PBXFileReference; lastKnownFileType = text.xcconfig; path = Keys.xcconfig; sourceTree = "<group>"; };
		CDAF8A672AF8A6B000CB670D /* String.swift */ = {isa = PBXFileReference; lastKnownFileType = sourcecode.swift; path = String.swift; sourceTree = "<group>"; };
		CDAF8A6A2AF8D48400CB670D /* NowPlaying.swift */ = {isa = PBXFileReference; lastKnownFileType = sourcecode.swift; path = NowPlaying.swift; sourceTree = "<group>"; };
		CDAF8A6C2AF8D72700CB670D /* Upcoming.swift */ = {isa = PBXFileReference; lastKnownFileType = sourcecode.swift; path = Upcoming.swift; sourceTree = "<group>"; };
		CDAF8A762AF8DEF400CB670D /* SquareCollectionViewCell.swift */ = {isa = PBXFileReference; lastKnownFileType = sourcecode.swift; path = SquareCollectionViewCell.swift; sourceTree = "<group>"; };
		CDAF8A772AF8DEF400CB670D /* SquareCollectionViewCell.xib */ = {isa = PBXFileReference; lastKnownFileType = file.xib; path = SquareCollectionViewCell.xib; sourceTree = "<group>"; };
		CDAF8A802AF94B2200CB670D /* DiscoverTV.swift */ = {isa = PBXFileReference; lastKnownFileType = sourcecode.swift; path = DiscoverTV.swift; sourceTree = "<group>"; };
		CDAF8A822AF95B5200CB670D /* CarouselCollectionViewCell.swift */ = {isa = PBXFileReference; lastKnownFileType = sourcecode.swift; path = CarouselCollectionViewCell.swift; sourceTree = "<group>"; };
		CDAF8A832AF95B5200CB670D /* CarouselCollectionViewCell.xib */ = {isa = PBXFileReference; lastKnownFileType = file.xib; path = CarouselCollectionViewCell.xib; sourceTree = "<group>"; };
		CDC05AEF2AF0AED100706AB7 /* ComingSoonViewController.swift */ = {isa = PBXFileReference; lastKnownFileType = sourcecode.swift; path = ComingSoonViewController.swift; sourceTree = "<group>"; };
		CDC05AF02AF0AED100706AB7 /* ComingSoonViewController.xib */ = {isa = PBXFileReference; lastKnownFileType = file.xib; path = ComingSoonViewController.xib; sourceTree = "<group>"; };
		CDCEABD72AF0E9EB004F37B8 /* SplashScreen.swift */ = {isa = PBXFileReference; lastKnownFileType = sourcecode.swift; path = SplashScreen.swift; sourceTree = "<group>"; };
		CDCEABD82AF0E9EB004F37B8 /* SplashScreen.xib */ = {isa = PBXFileReference; lastKnownFileType = file.xib; path = SplashScreen.xib; sourceTree = "<group>"; };
		CDCEABDE2AF0F5AD004F37B8 /* SearchBarReusableCustomView.swift */ = {isa = PBXFileReference; lastKnownFileType = sourcecode.swift; path = SearchBarReusableCustomView.swift; sourceTree = "<group>"; };
		CDCEABE02AF0F5BA004F37B8 /* SearchBarReusableCustomView.xib */ = {isa = PBXFileReference; lastKnownFileType = file.xib; path = SearchBarReusableCustomView.xib; sourceTree = "<group>"; };
		CDD2AEA02AF49B5A002362C6 /* MovieDescriptionTableCell.swift */ = {isa = PBXFileReference; lastKnownFileType = sourcecode.swift; path = MovieDescriptionTableCell.swift; sourceTree = "<group>"; };
		CDD2AEA12AF49B5A002362C6 /* MovieDescriptionTableCell.xib */ = {isa = PBXFileReference; lastKnownFileType = file.xib; path = MovieDescriptionTableCell.xib; sourceTree = "<group>"; };
/* End PBXFileReference section */

/* Begin PBXFrameworksBuildPhase section */
		CD5DD4962AEF38AA00140DFA /* Frameworks */ = {
			isa = PBXFrameworksBuildPhase;
			buildActionMask = 2147483647;
			files = (
				CE8BAC8DDC2A8108BBB58847 /* Pods_netflixUIKit.framework in Frameworks */,
			);
			runOnlyForDeploymentPostprocessing = 0;
		};
/* End PBXFrameworksBuildPhase section */

/* Begin PBXGroup section */
		CD0709332AFB32970079FC45 /* SearchButtonView */ = {
			isa = PBXGroup;
			children = (
				CD0709342AFB32C40079FC45 /* SearchButtonViewController.swift */,
				CD0709352AFB32C40079FC45 /* SearchButtonViewController.xib */,
				CD0709382AFB3B0F0079FC45 /* SearchCollectionViewCell */,
			);
			path = SearchButtonView;
			sourceTree = "<group>";
		};
		CD0709382AFB3B0F0079FC45 /* SearchCollectionViewCell */ = {
			isa = PBXGroup;
			children = (
				CD0709392AFB3B500079FC45 /* SearchCollectionViewCell.swift */,
				CD07093A2AFB3B500079FC45 /* SearchCollectionViewCell.xib */,
			);
			path = SearchCollectionViewCell;
			sourceTree = "<group>";
		};
		CD0709412AFB59750079FC45 /* Extensions */ = {
			isa = PBXGroup;
			children = (
				CD0709422AFB599E0079FC45 /* Extensions.swift */,
			);
			path = Extensions;
			sourceTree = "<group>";
		};
		CD136FCF2AFA33270046BB44 /* SearchVCViewModel */ = {
			isa = PBXGroup;
			children = (
				CD136FD02AFA33770046BB44 /* SearchVCViewModel.swift */,
			);
			path = SearchVCViewModel;
			sourceTree = "<group>";
		};
		CD16E3022AF352C200669456 /* Network */ = {
			isa = PBXGroup;
			children = (
				CD16E3042AF352E400669456 /* Service */,
			);
			path = Network;
			sourceTree = "<group>";
		};
		CD16E3042AF352E400669456 /* Service */ = {
			isa = PBXGroup;
			children = (
				CD40E1E42AF7DC6B002D2407 /* CustomAPIManager.swift */,
				CD40E1E62AF7DD56002D2407 /* Endpoint.swift */,
			);
			path = Service;
			sourceTree = "<group>";
		};
		CD16E3092AF36F4300669456 /* HomeVCViewModel */ = {
			isa = PBXGroup;
			children = (
				CD16E30B2AF36F6300669456 /* HomeVCViewModel.swift */,
			);
			path = HomeVCViewModel;
			sourceTree = "<group>";
		};
		CD16E30D2AF37B7400669456 /* RegisterVC */ = {
			isa = PBXGroup;
			children = (
				CD16E30E2AF37B9400669456 /* RegisterViewController.swift */,
				CD16E30F2AF37B9400669456 /* RegisterViewController.xib */,
			);
			path = RegisterVC;
			sourceTree = "<group>";
		};
		CD16E3162AF3826400669456 /* ListMovieCell */ = {
			isa = PBXGroup;
			children = (
				CD16E3122AF3826100669456 /* ListMovieCell.swift */,
				CD16E3132AF3826100669456 /* ListMovieCell.xib */,
			);
			path = ListMovieCell;
			sourceTree = "<group>";
		};
		CD2C65112AEFB2130026B35B /* LoginVC */ = {
			isa = PBXGroup;
			children = (
				CD2C65122AEFB2340026B35B /* LoginViewController.swift */,
				CD2C65132AEFB2340026B35B /* LoginViewController.xib */,
			);
			path = LoginVC;
			sourceTree = "<group>";
		};
		CD40E1E82AF874C9002D2407 /* Model */ = {
			isa = PBXGroup;
			children = (
				CDAF8A6A2AF8D48400CB670D /* NowPlaying.swift */,
				CD16E3072AF35CBC00669456 /* Popular.swift */,
				CD40E1E92AF875DA002D2407 /* TopRated.swift */,
				CDAF8A6C2AF8D72700CB670D /* Upcoming.swift */,
				CDAF8A802AF94B2200CB670D /* DiscoverTV.swift */,
				CD0709312AFA9E0B0079FC45 /* SearchFilm.swift */,
			);
			path = Model;
			sourceTree = "<group>";
		};
		CD4FA4472AF39ED700226717 /* DetailViewController */ = {
			isa = PBXGroup;
			children = (
				CD4FA4432AF39ECE00226717 /* DetailViewController.swift */,
				CD4FA4442AF39ECE00226717 /* DetailViewController.xib */,
			);
			path = DetailViewController;
			sourceTree = "<group>";
		};
		CD5DD4902AEF38AA00140DFA = {
			isa = PBXGroup;
			children = (
				CD5DD49B2AEF38AA00140DFA /* netflixUIKit */,
				CD5DD49A2AEF38AA00140DFA /* Products */,
				D53A264A208A37DF9D31422B /* Pods */,
				D79A8631043C38C595064E00 /* Frameworks */,
			);
			sourceTree = "<group>";
		};
		CD5DD49A2AEF38AA00140DFA /* Products */ = {
			isa = PBXGroup;
			children = (
				CD5DD4992AEF38AA00140DFA /* netflixUIKit.app */,
			);
			name = Products;
			sourceTree = "<group>";
		};
		CD5DD49B2AEF38AA00140DFA /* netflixUIKit */ = {
			isa = PBXGroup;
			children = (
				CD5DD4B02AEF38B100140DFA /* App */,
				CD79F6AA2AEF806500338C72 /* Common */,
				CD40E1E82AF874C9002D2407 /* Model */,
				CD16E3022AF352C200669456 /* Network */,
				CD5DD4B12AEF38B700140DFA /* Resource */,
				CD5DD4B22AEF38BC00140DFA /* Module */,
				CD5DD4AA2AEF38AB00140DFA /* Info.plist */,
				CD60A63B2AF1F61400B2E511 /* GoogleService-Info.plist */,
			);
			path = netflixUIKit;
			sourceTree = "<group>";
		};
		CD5DD4B02AEF38B100140DFA /* App */ = {
			isa = PBXGroup;
			children = (
				CD5DD49C2AEF38AA00140DFA /* AppDelegate.swift */,
				CD5DD49E2AEF38AA00140DFA /* SceneDelegate.swift */,
			);
			path = App;
			sourceTree = "<group>";
		};
		CD5DD4B12AEF38B700140DFA /* Resource */ = {
			isa = PBXGroup;
			children = (
				CDAF8A662AF8A5B500CB670D /* Keys.xcconfig */,
				CDA849DC2AF09A5B0043F9AD /* netflixLottie.json */,
				CD5DD4A52AEF38AB00140DFA /* Assets.xcassets */,
			);
			path = Resource;
			sourceTree = "<group>";
		};
		CD5DD4B22AEF38BC00140DFA /* Module */ = {
			isa = PBXGroup;
			children = (
				CDCEABDB2AF0EC90004F37B8 /* SplashScreen */,
				CD2C65112AEFB2130026B35B /* LoginVC */,
				CD16E30D2AF37B7400669456 /* RegisterVC */,
				CD60A6362AF1E89C00B2E511 /* MainTabVC */,
				CDC05AEE2AF0AE7E00706AB7 /* HomeVC */,
				CD5DD4B72AEF3ADE00140DFA /* SearchVC */,
				CD5DD4B82AEF3AE400140DFA /* ComingSoonVC */,
				CD79F6B12AEF832200338C72 /* DownloadsVC */,
				CD79F6B22AEF833500338C72 /* MoreVC */,
			);
			path = Module;
			sourceTree = "<group>";
		};
		CD5DD4B72AEF3ADE00140DFA /* SearchVC */ = {
			isa = PBXGroup;
			children = (
				CD5DD4B32AEF3AD300140DFA /* SecondViewController.swift */,
				CD5DD4B42AEF3AD300140DFA /* SecondViewController.xib */,
				CD0709332AFB32970079FC45 /* SearchButtonView */,
				CD136FCF2AFA33270046BB44 /* SearchVCViewModel */,
				CD16E3162AF3826400669456 /* ListMovieCell */,
				CD4FA4472AF39ED700226717 /* DetailViewController */,
			);
			path = SearchVC;
			sourceTree = "<group>";
		};
		CD5DD4B82AEF3AE400140DFA /* ComingSoonVC */ = {
			isa = PBXGroup;
			children = (
				CDC05AEF2AF0AED100706AB7 /* ComingSoonViewController.swift */,
				CDC05AF02AF0AED100706AB7 /* ComingSoonViewController.xib */,
				CDD2AE9F2AF49B08002362C6 /* Cell */,
			);
			path = ComingSoonVC;
			sourceTree = "<group>";
		};
		CD60A6362AF1E89C00B2E511 /* MainTabVC */ = {
			isa = PBXGroup;
			children = (
				CD79F6AF2AEF82B700338C72 /* MainTabBarViewController.swift */,
			);
			path = MainTabVC;
			sourceTree = "<group>";
		};
		CD78336B2AEF3EBE0030AA43 /* CollectionInCell */ = {
			isa = PBXGroup;
			children = (
				CD78336C2AEF3EEA0030AA43 /* TableViewController.swift */,
				CD78336D2AEF3EEA0030AA43 /* TableViewController.xib */,
				CD16E3092AF36F4300669456 /* HomeVCViewModel */,
				CD7833702AEF3EEB0030AA43 /* Cell */,
			);
			path = CollectionInCell;
			sourceTree = "<group>";
		};
		CD7833702AEF3EEB0030AA43 /* Cell */ = {
			isa = PBXGroup;
			children = (
				CD78337E2AEF61000030AA43 /* VerticalCell */,
				CD78337D2AEF60E80030AA43 /* HorizontalCell */,
			);
			path = Cell;
			sourceTree = "<group>";
		};
		CD78337D2AEF60E80030AA43 /* HorizontalCell */ = {
			isa = PBXGroup;
			children = (
				CD7833712AEF3EFD0030AA43 /* HorizontalCell.swift */,
				CD7833722AEF3EFD0030AA43 /* HorizontalCell.xib */,
				CDAF8A7A2AF922E100CB670D /* CollectionView */,
			);
			path = HorizontalCell;
			sourceTree = "<group>";
		};
		CD78337E2AEF61000030AA43 /* VerticalCell */ = {
			isa = PBXGroup;
			children = (
				CD7833752AEF504D0030AA43 /* VerticalCell.swift */,
				CD7833762AEF504D0030AA43 /* VerticalCell.xib */,
				CDAF8A822AF95B5200CB670D /* CarouselCollectionViewCell.swift */,
				CDAF8A832AF95B5200CB670D /* CarouselCollectionViewCell.xib */,
			);
			path = VerticalCell;
			sourceTree = "<group>";
		};
		CD79F6AA2AEF806500338C72 /* Common */ = {
			isa = PBXGroup;
			children = (
				CDCEABDC2AF0F44D004F37B8 /* Classes */,
				CDCEABDD2AF0F453004F37B8 /* Components */,
				CD0709412AFB59750079FC45 /* Extensions */,
			);
			path = Common;
			sourceTree = "<group>";
		};
		CD79F6B12AEF832200338C72 /* DownloadsVC */ = {
			isa = PBXGroup;
			children = (
				CD79F6BD2AEF844C00338C72 /* DownloadsViewController.swift */,
				CD79F6BE2AEF844C00338C72 /* DownloadsViewController.xib */,
			);
			path = DownloadsVC;
			sourceTree = "<group>";
		};
		CD79F6B22AEF833500338C72 /* MoreVC */ = {
			isa = PBXGroup;
			children = (
				CD79F6B92AEF83A300338C72 /* MoreViewController.swift */,
				CD79F6BA2AEF83A300338C72 /* MoreViewController.xib */,
			);
			path = MoreVC;
			sourceTree = "<group>";
		};
		CDAF8A7A2AF922E100CB670D /* CollectionView */ = {
			isa = PBXGroup;
			children = (
				CD7833792AEF53F60030AA43 /* CollectionViewCell.swift */,
				CD78337A2AEF53F60030AA43 /* CollectionViewCell.xib */,
				CDAF8A762AF8DEF400CB670D /* SquareCollectionViewCell.swift */,
				CDAF8A772AF8DEF400CB670D /* SquareCollectionViewCell.xib */,
			);
			path = CollectionView;
			sourceTree = "<group>";
		};
		CDC05AEE2AF0AE7E00706AB7 /* HomeVC */ = {
			isa = PBXGroup;
			children = (
				CD78336B2AEF3EBE0030AA43 /* CollectionInCell */,
			);
			path = HomeVC;
			sourceTree = "<group>";
		};
		CDCEABDB2AF0EC90004F37B8 /* SplashScreen */ = {
			isa = PBXGroup;
			children = (
				CDCEABD72AF0E9EB004F37B8 /* SplashScreen.swift */,
				CDCEABD82AF0E9EB004F37B8 /* SplashScreen.xib */,
			);
			path = SplashScreen;
			sourceTree = "<group>";
		};
		CDCEABDC2AF0F44D004F37B8 /* Classes */ = {
			isa = PBXGroup;
			children = (
				CD79F6AD2AEF80C500338C72 /* Constants.swift */,
				CDAF8A672AF8A6B000CB670D /* String.swift */,
			);
			path = Classes;
			sourceTree = "<group>";
		};
		CDCEABDD2AF0F453004F37B8 /* Components */ = {
			isa = PBXGroup;
			children = (
				CDCEABDE2AF0F5AD004F37B8 /* SearchBarReusableCustomView.swift */,
				CDCEABE02AF0F5BA004F37B8 /* SearchBarReusableCustomView.xib */,
				CD3F59692AFA3ECB00E6FCDD /* RoundedReusableCustomView.swift */,
				CD3F596B2AFA3F0900E6FCDD /* RoundedReusableCustomView.xib */,
			);
			path = Components;
			sourceTree = "<group>";
		};
		CDD2AE9F2AF49B08002362C6 /* Cell */ = {
			isa = PBXGroup;
			children = (
				CDD2AEA02AF49B5A002362C6 /* MovieDescriptionTableCell.swift */,
				CDD2AEA12AF49B5A002362C6 /* MovieDescriptionTableCell.xib */,
			);
			path = Cell;
			sourceTree = "<group>";
		};
		D53A264A208A37DF9D31422B /* Pods */ = {
			isa = PBXGroup;
			children = (
				9F8AD6DC11A357D8394CE92E /* Pods-netflixUIKit.debug.xcconfig */,
				9F9C92B73F86A50AB327CE80 /* Pods-netflixUIKit.release.xcconfig */,
			);
			path = Pods;
			sourceTree = "<group>";
		};
		D79A8631043C38C595064E00 /* Frameworks */ = {
			isa = PBXGroup;
			children = (
				83A152BD06544788959DDECC /* Pods_netflixUIKit.framework */,
			);
			name = Frameworks;
			sourceTree = "<group>";
		};
/* End PBXGroup section */

/* Begin PBXNativeTarget section */
		CD5DD4982AEF38AA00140DFA /* netflixUIKit */ = {
			isa = PBXNativeTarget;
			buildConfigurationList = CD5DD4AD2AEF38AB00140DFA /* Build configuration list for PBXNativeTarget "netflixUIKit" */;
			buildPhases = (
				C38DAD15ECF20340290E4BB1 /* [CP] Check Pods Manifest.lock */,
				CD5DD4952AEF38AA00140DFA /* Sources */,
				CD5DD4962AEF38AA00140DFA /* Frameworks */,
				CD5DD4972AEF38AA00140DFA /* Resources */,
				7CD83DC818FA582220A79023 /* [CP] Embed Pods Frameworks */,
			);
			buildRules = (
			);
			dependencies = (
			);
			name = netflixUIKit;
			productName = netflixUIKit;
			productReference = CD5DD4992AEF38AA00140DFA /* netflixUIKit.app */;
			productType = "com.apple.product-type.application";
		};
/* End PBXNativeTarget section */

/* Begin PBXProject section */
		CD5DD4912AEF38AA00140DFA /* Project object */ = {
			isa = PBXProject;
			attributes = {
				BuildIndependentTargetsInParallel = 1;
				LastSwiftUpdateCheck = 1430;
				LastUpgradeCheck = 1430;
				TargetAttributes = {
					CD5DD4982AEF38AA00140DFA = {
						CreatedOnToolsVersion = 14.3.1;
					};
				};
			};
			buildConfigurationList = CD5DD4942AEF38AA00140DFA /* Build configuration list for PBXProject "netflixUIKit" */;
			compatibilityVersion = "Xcode 14.0";
			developmentRegion = en;
			hasScannedForEncodings = 0;
			knownRegions = (
				en,
				Base,
			);
			mainGroup = CD5DD4902AEF38AA00140DFA;
			productRefGroup = CD5DD49A2AEF38AA00140DFA /* Products */;
			projectDirPath = "";
			projectRoot = "";
			targets = (
				CD5DD4982AEF38AA00140DFA /* netflixUIKit */,
			);
		};
/* End PBXProject section */

/* Begin PBXResourcesBuildPhase section */
		CD5DD4972AEF38AA00140DFA /* Resources */ = {
			isa = PBXResourcesBuildPhase;
			buildActionMask = 2147483647;
			files = (
				CDAF8A692AF8B45700CB670D /* Keys.xcconfig in Resources */,
				CD5DD4B62AEF3AD300140DFA /* SecondViewController.xib in Resources */,
				CDCEABDA2AF0E9EB004F37B8 /* SplashScreen.xib in Resources */,
				CD4FA4462AF39ECE00226717 /* DetailViewController.xib in Resources */,
				CDA849DD2AF09A5C0043F9AD /* netflixLottie.json in Resources */,
				CDAF8A852AF95B5200CB670D /* CarouselCollectionViewCell.xib in Resources */,
				CD7833742AEF3EFD0030AA43 /* HorizontalCell.xib in Resources */,
				CD2C65152AEFB2340026B35B /* LoginViewController.xib in Resources */,
				CD5DD4A62AEF38AB00140DFA /* Assets.xcassets in Resources */,
				CDAF8A792AF8DEF400CB670D /* SquareCollectionViewCell.xib in Resources */,
				CDCEABE12AF0F5BA004F37B8 /* SearchBarReusableCustomView.xib in Resources */,
				CD78336F2AEF3EEA0030AA43 /* TableViewController.xib in Resources */,
				CD79F6BC2AEF83A300338C72 /* MoreViewController.xib in Resources */,
				CDD2AEA32AF49B5A002362C6 /* MovieDescriptionTableCell.xib in Resources */,
				CDC05AF22AF0AED100706AB7 /* ComingSoonViewController.xib in Resources */,
				CD79F6C02AEF844C00338C72 /* DownloadsViewController.xib in Resources */,
				CD3F596C2AFA3F0900E6FCDD /* RoundedReusableCustomView.xib in Resources */,
				CD16E3112AF37B9400669456 /* RegisterViewController.xib in Resources */,
				CD07093C2AFB3B500079FC45 /* SearchCollectionViewCell.xib in Resources */,
				CD7833782AEF504D0030AA43 /* VerticalCell.xib in Resources */,
				CD0709372AFB32C40079FC45 /* SearchButtonViewController.xib in Resources */,
				CD78337C2AEF53F60030AA43 /* CollectionViewCell.xib in Resources */,
				CD16E3152AF3826100669456 /* ListMovieCell.xib in Resources */,
				CD60A63C2AF1F61400B2E511 /* GoogleService-Info.plist in Resources */,
			);
			runOnlyForDeploymentPostprocessing = 0;
		};
/* End PBXResourcesBuildPhase section */

/* Begin PBXShellScriptBuildPhase section */
		7CD83DC818FA582220A79023 /* [CP] Embed Pods Frameworks */ = {
			isa = PBXShellScriptBuildPhase;
			buildActionMask = 2147483647;
			files = (
			);
			inputFileListPaths = (
				"${PODS_ROOT}/Target Support Files/Pods-netflixUIKit/Pods-netflixUIKit-frameworks-${CONFIGURATION}-input-files.xcfilelist",
			);
			name = "[CP] Embed Pods Frameworks";
			outputFileListPaths = (
				"${PODS_ROOT}/Target Support Files/Pods-netflixUIKit/Pods-netflixUIKit-frameworks-${CONFIGURATION}-output-files.xcfilelist",
			);
			runOnlyForDeploymentPostprocessing = 0;
			shellPath = /bin/sh;
			shellScript = "\"${PODS_ROOT}/Target Support Files/Pods-netflixUIKit/Pods-netflixUIKit-frameworks.sh\"\n";
			showEnvVarsInLog = 0;
		};
		C38DAD15ECF20340290E4BB1 /* [CP] Check Pods Manifest.lock */ = {
			isa = PBXShellScriptBuildPhase;
			buildActionMask = 2147483647;
			files = (
			);
			inputFileListPaths = (
			);
			inputPaths = (
				"${PODS_PODFILE_DIR_PATH}/Podfile.lock",
				"${PODS_ROOT}/Manifest.lock",
			);
			name = "[CP] Check Pods Manifest.lock";
			outputFileListPaths = (
			);
			outputPaths = (
				"$(DERIVED_FILE_DIR)/Pods-netflixUIKit-checkManifestLockResult.txt",
			);
			runOnlyForDeploymentPostprocessing = 0;
			shellPath = /bin/sh;
			shellScript = "diff \"${PODS_PODFILE_DIR_PATH}/Podfile.lock\" \"${PODS_ROOT}/Manifest.lock\" > /dev/null\nif [ $? != 0 ] ; then\n    # print error to STDERR\n    echo \"error: The sandbox is not in sync with the Podfile.lock. Run 'pod install' or update your CocoaPods installation.\" >&2\n    exit 1\nfi\n# This output is used by Xcode 'outputs' to avoid re-running this script phase.\necho \"SUCCESS\" > \"${SCRIPT_OUTPUT_FILE_0}\"\n";
			showEnvVarsInLog = 0;
		};
/* End PBXShellScriptBuildPhase section */

/* Begin PBXSourcesBuildPhase section */
		CD5DD4952AEF38AA00140DFA /* Sources */ = {
			isa = PBXSourcesBuildPhase;
			buildActionMask = 2147483647;
			files = (
				CD5DD4B52AEF3AD300140DFA /* SecondViewController.swift in Sources */,
				CDC05AF12AF0AED100706AB7 /* ComingSoonViewController.swift in Sources */,
				CD16E3082AF35CBC00669456 /* Popular.swift in Sources */,
				CDCEABD92AF0E9EB004F37B8 /* SplashScreen.swift in Sources */,
				CD0709322AFA9E0B0079FC45 /* SearchFilm.swift in Sources */,
				CDAF8A812AF94B2200CB670D /* DiscoverTV.swift in Sources */,
				CD16E3102AF37B9400669456 /* RegisterViewController.swift in Sources */,
				CD136FD12AFA33770046BB44 /* SearchVCViewModel.swift in Sources */,
				CD79F6BF2AEF844C00338C72 /* DownloadsViewController.swift in Sources */,
				CDAF8A842AF95B5200CB670D /* CarouselCollectionViewCell.swift in Sources */,
				CD4FA4452AF39ECE00226717 /* DetailViewController.swift in Sources */,
				CD16E3142AF3826100669456 /* ListMovieCell.swift in Sources */,
				CD78337B2AEF53F60030AA43 /* CollectionViewCell.swift in Sources */,
				CD40E1E72AF7DD56002D2407 /* Endpoint.swift in Sources */,
				CD5DD49D2AEF38AA00140DFA /* AppDelegate.swift in Sources */,
				CDCEABDF2AF0F5AD004F37B8 /* SearchBarReusableCustomView.swift in Sources */,
				CDD2AEA22AF49B5A002362C6 /* MovieDescriptionTableCell.swift in Sources */,
				CDAF8A6B2AF8D48400CB670D /* NowPlaying.swift in Sources */,
				CDAF8A782AF8DEF400CB670D /* SquareCollectionViewCell.swift in Sources */,
				CD0709432AFB599E0079FC45 /* Extensions.swift in Sources */,
				CD07093B2AFB3B500079FC45 /* SearchCollectionViewCell.swift in Sources */,
				CDAF8A682AF8A6B000CB670D /* String.swift in Sources */,
				CD16E30C2AF36F6300669456 /* HomeVCViewModel.swift in Sources */,
				CD3F596A2AFA3ECB00E6FCDD /* RoundedReusableCustomView.swift in Sources */,
				CD7833732AEF3EFD0030AA43 /* HorizontalCell.swift in Sources */,
				CD40E1E52AF7DC6B002D2407 /* CustomAPIManager.swift in Sources */,
				CD79F6B02AEF82B700338C72 /* MainTabBarViewController.swift in Sources */,
				CD40E1EA2AF875DA002D2407 /* TopRated.swift in Sources */,
				CD7833772AEF504D0030AA43 /* VerticalCell.swift in Sources */,
				CD78336E2AEF3EEA0030AA43 /* TableViewController.swift in Sources */,
				CD0709362AFB32C40079FC45 /* SearchButtonViewController.swift in Sources */,
				CDAF8A6D2AF8D72700CB670D /* Upcoming.swift in Sources */,
				CD79F6BB2AEF83A300338C72 /* MoreViewController.swift in Sources */,
				CD5DD49F2AEF38AA00140DFA /* SceneDelegate.swift in Sources */,
				CD2C65142AEFB2340026B35B /* LoginViewController.swift in Sources */,
				CD79F6AE2AEF80C500338C72 /* Constants.swift in Sources */,
			);
			runOnlyForDeploymentPostprocessing = 0;
		};
/* End PBXSourcesBuildPhase section */

/* Begin XCBuildConfiguration section */
		CD5DD4AB2AEF38AB00140DFA /* Debug */ = {
			isa = XCBuildConfiguration;
			buildSettings = {
				ALWAYS_SEARCH_USER_PATHS = NO;
				CLANG_ANALYZER_NONNULL = YES;
				CLANG_ANALYZER_NUMBER_OBJECT_CONVERSION = YES_AGGRESSIVE;
				CLANG_CXX_LANGUAGE_STANDARD = "gnu++20";
				CLANG_ENABLE_MODULES = YES;
				CLANG_ENABLE_OBJC_ARC = YES;
				CLANG_ENABLE_OBJC_WEAK = YES;
				CLANG_WARN_BLOCK_CAPTURE_AUTORELEASING = YES;
				CLANG_WARN_BOOL_CONVERSION = YES;
				CLANG_WARN_COMMA = YES;
				CLANG_WARN_CONSTANT_CONVERSION = YES;
				CLANG_WARN_DEPRECATED_OBJC_IMPLEMENTATIONS = YES;
				CLANG_WARN_DIRECT_OBJC_ISA_USAGE = YES_ERROR;
				CLANG_WARN_DOCUMENTATION_COMMENTS = YES;
				CLANG_WARN_EMPTY_BODY = YES;
				CLANG_WARN_ENUM_CONVERSION = YES;
				CLANG_WARN_INFINITE_RECURSION = YES;
				CLANG_WARN_INT_CONVERSION = YES;
				CLANG_WARN_NON_LITERAL_NULL_CONVERSION = YES;
				CLANG_WARN_OBJC_IMPLICIT_RETAIN_SELF = YES;
				CLANG_WARN_OBJC_LITERAL_CONVERSION = YES;
				CLANG_WARN_OBJC_ROOT_CLASS = YES_ERROR;
				CLANG_WARN_QUOTED_INCLUDE_IN_FRAMEWORK_HEADER = YES;
				CLANG_WARN_RANGE_LOOP_ANALYSIS = YES;
				CLANG_WARN_STRICT_PROTOTYPES = YES;
				CLANG_WARN_SUSPICIOUS_MOVE = YES;
				CLANG_WARN_UNGUARDED_AVAILABILITY = YES_AGGRESSIVE;
				CLANG_WARN_UNREACHABLE_CODE = YES;
				CLANG_WARN__DUPLICATE_METHOD_MATCH = YES;
				COPY_PHASE_STRIP = NO;
				DEBUG_INFORMATION_FORMAT = dwarf;
				ENABLE_STRICT_OBJC_MSGSEND = YES;
				ENABLE_TESTABILITY = YES;
				GCC_C_LANGUAGE_STANDARD = gnu11;
				GCC_DYNAMIC_NO_PIC = NO;
				GCC_NO_COMMON_BLOCKS = YES;
				GCC_OPTIMIZATION_LEVEL = 0;
				GCC_PREPROCESSOR_DEFINITIONS = (
					"DEBUG=1",
					"$(inherited)",
				);
				GCC_WARN_64_TO_32_BIT_CONVERSION = YES;
				GCC_WARN_ABOUT_RETURN_TYPE = YES_ERROR;
				GCC_WARN_UNDECLARED_SELECTOR = YES;
				GCC_WARN_UNINITIALIZED_AUTOS = YES_AGGRESSIVE;
				GCC_WARN_UNUSED_FUNCTION = YES;
				GCC_WARN_UNUSED_VARIABLE = YES;
				IPHONEOS_DEPLOYMENT_TARGET = 14.0;
				MTL_ENABLE_DEBUG_INFO = INCLUDE_SOURCE;
				MTL_FAST_MATH = YES;
				ONLY_ACTIVE_ARCH = YES;
				SDKROOT = iphoneos;
				SWIFT_ACTIVE_COMPILATION_CONDITIONS = DEBUG;
				SWIFT_OPTIMIZATION_LEVEL = "-Onone";
			};
			name = Debug;
		};
		CD5DD4AC2AEF38AB00140DFA /* Release */ = {
			isa = XCBuildConfiguration;
			buildSettings = {
				ALWAYS_SEARCH_USER_PATHS = NO;
				CLANG_ANALYZER_NONNULL = YES;
				CLANG_ANALYZER_NUMBER_OBJECT_CONVERSION = YES_AGGRESSIVE;
				CLANG_CXX_LANGUAGE_STANDARD = "gnu++20";
				CLANG_ENABLE_MODULES = YES;
				CLANG_ENABLE_OBJC_ARC = YES;
				CLANG_ENABLE_OBJC_WEAK = YES;
				CLANG_WARN_BLOCK_CAPTURE_AUTORELEASING = YES;
				CLANG_WARN_BOOL_CONVERSION = YES;
				CLANG_WARN_COMMA = YES;
				CLANG_WARN_CONSTANT_CONVERSION = YES;
				CLANG_WARN_DEPRECATED_OBJC_IMPLEMENTATIONS = YES;
				CLANG_WARN_DIRECT_OBJC_ISA_USAGE = YES_ERROR;
				CLANG_WARN_DOCUMENTATION_COMMENTS = YES;
				CLANG_WARN_EMPTY_BODY = YES;
				CLANG_WARN_ENUM_CONVERSION = YES;
				CLANG_WARN_INFINITE_RECURSION = YES;
				CLANG_WARN_INT_CONVERSION = YES;
				CLANG_WARN_NON_LITERAL_NULL_CONVERSION = YES;
				CLANG_WARN_OBJC_IMPLICIT_RETAIN_SELF = YES;
				CLANG_WARN_OBJC_LITERAL_CONVERSION = YES;
				CLANG_WARN_OBJC_ROOT_CLASS = YES_ERROR;
				CLANG_WARN_QUOTED_INCLUDE_IN_FRAMEWORK_HEADER = YES;
				CLANG_WARN_RANGE_LOOP_ANALYSIS = YES;
				CLANG_WARN_STRICT_PROTOTYPES = YES;
				CLANG_WARN_SUSPICIOUS_MOVE = YES;
				CLANG_WARN_UNGUARDED_AVAILABILITY = YES_AGGRESSIVE;
				CLANG_WARN_UNREACHABLE_CODE = YES;
				CLANG_WARN__DUPLICATE_METHOD_MATCH = YES;
				COPY_PHASE_STRIP = NO;
				DEBUG_INFORMATION_FORMAT = "dwarf-with-dsym";
				ENABLE_NS_ASSERTIONS = NO;
				ENABLE_STRICT_OBJC_MSGSEND = YES;
				GCC_C_LANGUAGE_STANDARD = gnu11;
				GCC_NO_COMMON_BLOCKS = YES;
				GCC_WARN_64_TO_32_BIT_CONVERSION = YES;
				GCC_WARN_ABOUT_RETURN_TYPE = YES_ERROR;
				GCC_WARN_UNDECLARED_SELECTOR = YES;
				GCC_WARN_UNINITIALIZED_AUTOS = YES_AGGRESSIVE;
				GCC_WARN_UNUSED_FUNCTION = YES;
				GCC_WARN_UNUSED_VARIABLE = YES;
				IPHONEOS_DEPLOYMENT_TARGET = 14.0;
				MTL_ENABLE_DEBUG_INFO = NO;
				MTL_FAST_MATH = YES;
				SDKROOT = iphoneos;
				SWIFT_COMPILATION_MODE = wholemodule;
				SWIFT_OPTIMIZATION_LEVEL = "-O";
				VALIDATE_PRODUCT = YES;
			};
			name = Release;
		};
		CD5DD4AE2AEF38AB00140DFA /* Debug */ = {
			isa = XCBuildConfiguration;
			baseConfigurationReference = 9F8AD6DC11A357D8394CE92E /* Pods-netflixUIKit.debug.xcconfig */;
			buildSettings = {
				ASSETCATALOG_COMPILER_APPICON_NAME = AppIcon;
				ASSETCATALOG_COMPILER_GLOBAL_ACCENT_COLOR_NAME = AccentColor;
				CODE_SIGN_STYLE = Automatic;
				CURRENT_PROJECT_VERSION = 1;
				DEVELOPMENT_TEAM = N7RK5YTXSM;
				GENERATE_INFOPLIST_FILE = YES;
				INFOPLIST_FILE = netflixUIKit/Info.plist;
				INFOPLIST_KEY_UIApplicationSupportsIndirectInputEvents = YES;
				INFOPLIST_KEY_UILaunchStoryboardName = LaunchScreen;
				INFOPLIST_KEY_UIMainStoryboardFile = "";
				INFOPLIST_KEY_UISupportedInterfaceOrientations_iPad = "UIInterfaceOrientationPortrait UIInterfaceOrientationPortraitUpsideDown UIInterfaceOrientationLandscapeLeft UIInterfaceOrientationLandscapeRight";
				INFOPLIST_KEY_UISupportedInterfaceOrientations_iPhone = "UIInterfaceOrientationPortrait UIInterfaceOrientationLandscapeLeft UIInterfaceOrientationLandscapeRight";
				IPHONEOS_DEPLOYMENT_TARGET = 14.0;
				LD_RUNPATH_SEARCH_PATHS = (
					"$(inherited)",
					"@executable_path/Frameworks",
				);
				MARKETING_VERSION = 1.0;
				OTHER_SWIFT_FLAGS = "-DTMDB_API_KEY";
				PRODUCT_BUNDLE_IDENTIFIER = me.fahmi.muhammad.netflixUIKit;
				PRODUCT_NAME = "$(TARGET_NAME)";
				SWIFT_EMIT_LOC_STRINGS = YES;
				SWIFT_VERSION = 5.0;
				TARGETED_DEVICE_FAMILY = "1,2";
			};
			name = Debug;
		};
		CD5DD4AF2AEF38AB00140DFA /* Release */ = {
			isa = XCBuildConfiguration;
			baseConfigurationReference = 9F9C92B73F86A50AB327CE80 /* Pods-netflixUIKit.release.xcconfig */;
			buildSettings = {
				ASSETCATALOG_COMPILER_APPICON_NAME = AppIcon;
				ASSETCATALOG_COMPILER_GLOBAL_ACCENT_COLOR_NAME = AccentColor;
				CODE_SIGN_STYLE = Automatic;
				CURRENT_PROJECT_VERSION = 1;
				DEVELOPMENT_TEAM = N7RK5YTXSM;
				GENERATE_INFOPLIST_FILE = YES;
				INFOPLIST_FILE = netflixUIKit/Info.plist;
				INFOPLIST_KEY_UIApplicationSupportsIndirectInputEvents = YES;
				INFOPLIST_KEY_UILaunchStoryboardName = LaunchScreen;
				INFOPLIST_KEY_UIMainStoryboardFile = "";
				INFOPLIST_KEY_UISupportedInterfaceOrientations_iPad = "UIInterfaceOrientationPortrait UIInterfaceOrientationPortraitUpsideDown UIInterfaceOrientationLandscapeLeft UIInterfaceOrientationLandscapeRight";
				INFOPLIST_KEY_UISupportedInterfaceOrientations_iPhone = "UIInterfaceOrientationPortrait UIInterfaceOrientationLandscapeLeft UIInterfaceOrientationLandscapeRight";
				IPHONEOS_DEPLOYMENT_TARGET = 14.0;
				LD_RUNPATH_SEARCH_PATHS = (
					"$(inherited)",
					"@executable_path/Frameworks",
				);
				MARKETING_VERSION = 1.0;
				OTHER_SWIFT_FLAGS = "-DTMDB_API_KEY";
				PRODUCT_BUNDLE_IDENTIFIER = me.fahmi.muhammad.netflixUIKit;
				PRODUCT_NAME = "$(TARGET_NAME)";
				SWIFT_EMIT_LOC_STRINGS = YES;
				SWIFT_VERSION = 5.0;
				TARGETED_DEVICE_FAMILY = "1,2";
			};
			name = Release;
		};
/* End XCBuildConfiguration section */

/* Begin XCConfigurationList section */
		CD5DD4942AEF38AA00140DFA /* Build configuration list for PBXProject "netflixUIKit" */ = {
			isa = XCConfigurationList;
			buildConfigurations = (
				CD5DD4AB2AEF38AB00140DFA /* Debug */,
				CD5DD4AC2AEF38AB00140DFA /* Release */,
			);
			defaultConfigurationIsVisible = 0;
			defaultConfigurationName = Release;
		};
		CD5DD4AD2AEF38AB00140DFA /* Build configuration list for PBXNativeTarget "netflixUIKit" */ = {
			isa = XCConfigurationList;
			buildConfigurations = (
				CD5DD4AE2AEF38AB00140DFA /* Debug */,
				CD5DD4AF2AEF38AB00140DFA /* Release */,
			);
			defaultConfigurationIsVisible = 0;
			defaultConfigurationName = Release;
		};
/* End XCConfigurationList section */
	};
	rootObject = CD5DD4912AEF38AA00140DFA /* Project object */;
}
